
Microsoft Visual Studio Solution File, Format Version 12.00
# Visual Studio 15
VisualStudioVersion = 15.0.27130.2003
MinimumVisualStudioVersion = 10.0.40219.1
Project("{8BC9CEB8-8B4A-11D0-8D11-00A0C91BC942}") = "ConsoleApplication2", "ConsoleApplication2\ConsoleApplication2.vcxproj", "{A8432888-236F-486D-BC7A-DCA908046DD8}"
EndProject
Project("{8BC9CEB8-8B4A-11D0-8D11-00A0C91BC942}") = "RestDemo", "RestDemo\RestDemo.vcxproj", "{804B0954-09C5-4003-B43C-9AE7B1813206}"
EndProject
Project("{8BC9CEB8-8B4A-11D0-8D11-00A0C91BC942}") = "DBDemo", "DBDemo\DBDemo.vcxproj", "{12F79C36-A3FB-4328-8673-366F7DCDDBCF}"
EndProject
Project("{8BC9CEB8-8B4A-11D0-8D11-00A0C91BC942}") = "odbcsql", "..\ODBC database sample\C++\odbcsql.vcxproj", "{C5948D2C-C53D-4933-9AC5-48066AD6A560}"
EndProject
Project("{8BC9CEB8-8B4A-11D0-8D11-00A0C91BC942}") = "Verify", "Verify\Verify.vcxproj", "{4DF851CE-2912-4BF3-9F29-0EA2C2FFCBB4}"
EndProject
Project("{8BC9CEB8-8B4A-11D0-8D11-00A0C91BC942}") = "Trace", "Trace\Trace.vcxproj", "{77205FE3-9D32-4D2A-A010-23BF88EF893B}"
EndProject
Project("{8BC9CEB8-8B4A-11D0-8D11-00A0C91BC942}") = "Structs", "Structs\Structs.vcxproj", "{A320B17E-030F-40DA-B954-F866D0095640}"
EndProject
Project("{8BC9CEB8-8B4A-11D0-8D11-00A0C91BC942}") = "Macros", "Macros\Macros.vcxproj", "{FE9CA570-BF80-434D-B62F-9B2D37375A5C}"
EndProject
Project("{8BC9CEB8-8B4A-11D0-8D11-00A0C91BC942}") = "Operator", "Operator\Operator.vcxproj", "{CFBDD50B-DAD5-4B8B-8F6E-B961EF159F66}"
EndProject
Project("{8BC9CEB8-8B4A-11D0-8D11-00A0C91BC942}") = "CRTFunctions", "CRTFunctions\CRTFunctions.vcxproj", "{973C7189-DA1E-4533-A38A-8BD07D077337}"
EndProject
Project("{8BC9CEB8-8B4A-11D0-8D11-00A0C91BC942}") = "va_macros", "va_macros\va_macros.vcxproj", "{7D1F3204-7AF0-4B5C-9623-5EC681033952}"
EndProject
Project("{8BC9CEB8-8B4A-11D0-8D11-00A0C91BC942}") = "Auto", "Auto\Auto.vcxproj", "{86D4255D-A6CD-481C-98EA-E636358FE6B4}"
EndProject
Project("{8BC9CEB8-8B4A-11D0-8D11-00A0C91BC942}") = "Templates", "Templates\Templates.vcxproj", "{4E6E9527-7F15-4E97-8217-FB936B7B6D91}"
EndProject
Project("{8BC9CEB8-8B4A-11D0-8D11-00A0C91BC942}") = "Pointers", "Pointers\Pointers.vcxproj", "{937B7679-FA08-40A3-9318-2F7D09B9F8DD}"
EndProject
Project("{8BC9CEB8-8B4A-11D0-8D11-00A0C91BC942}") = "unique_ptr", "unique_ptr\unique_ptr.vcxproj", "{5530889B-9824-4E86-80D3-66895E43640F}"
EndProject
Project("{8BC9CEB8-8B4A-11D0-8D11-00A0C91BC942}") = "unique_ptr_deleter", "unique_ptr_deleter\unique_ptr_deleter.vcxproj", "{90214B52-E70B-43CC-B2D5-ABAAE17037D3}"
EndProject
Project("{8BC9CEB8-8B4A-11D0-8D11-00A0C91BC942}") = "shared_ptr", "shared_ptr\shared_ptr.vcxproj", "{C85D2600-4249-4381-B683-65253D948AAB}"
EndProject
Project("{8BC9CEB8-8B4A-11D0-8D11-00A0C91BC942}") = "weak_ptr", "weak_ptr\weak_ptr.vcxproj", "{AF287FCB-522A-477E-A77B-623086EBB5FD}"
EndProject
Project("{8BC9CEB8-8B4A-11D0-8D11-00A0C91BC942}") = "HandlesAndTraits", "HandlesAndTraits\HandlesAndTraits.vcxproj", "{56C01253-E60E-4C3F-99CD-03101F34FB82}"
EndProject
Project("{8BC9CEB8-8B4A-11D0-8D11-00A0C91BC942}") = "BasicClasses", "BasicClasses\BasicClasses.vcxproj", "{A09C6590-5F54-4ADB-88D8-48ED2EFCAD70}"
EndProject
Project("{8BC9CEB8-8B4A-11D0-8D11-00A0C91BC942}") = "this", "this\this.vcxproj", "{242CC5D3-0670-4E05-8D7C-A6E236D5C539}"
EndProject
Project("{8BC9CEB8-8B4A-11D0-8D11-00A0C91BC942}") = "SampleProject", "SampleProject\SampleProject.vcxproj", "{2CD5C265-0F82-4051-BA3E-530F6723BDAE}"
EndProject
Project("{8BC9CEB8-8B4A-11D0-8D11-00A0C91BC942}") = "Trello", "Trello\Trello.vcxproj", "{19BE7817-F5F5-4C33-9720-42C9922042D8}"
EndProject
Project("{8BC9CEB8-8B4A-11D0-8D11-00A0C91BC942}") = "auto_decltype", "auto_decltype\auto_decltype.vcxproj", "{CE462745-2A16-48C7-B676-D97BC29D7B63}"
EndProject
Project("{8BC9CEB8-8B4A-11D0-8D11-00A0C91BC942}") = "ExplicitConstructor", "ExplicitConstructor\ExplicitConstructor.vcxproj", "{DD23E487-8022-4F56-BE8D-C41DF0055662}"
EndProject
Project("{8BC9CEB8-8B4A-11D0-8D11-00A0C91BC942}") = "Classes", "Classes\Classes.vcxproj", "{93D3A0B6-0DDE-4AB9-84EB-55567705B6B9}"
EndProject
Project("{8BC9CEB8-8B4A-11D0-8D11-00A0C91BC942}") = "TempProject", "TempProject\TempProject.vcxproj", "{65EED930-291C-449C-8868-66F290C4F9C7}"
EndProject
Project("{8BC9CEB8-8B4A-11D0-8D11-00A0C91BC942}") = "Strings", "Strings\Strings.vcxproj", "{99BE7CB5-EE4F-47A8-9781-8C2430825605}"
EndProject
Project("{8BC9CEB8-8B4A-11D0-8D11-00A0C91BC942}") = "BigThree", "BigThree\BigThree.vcxproj", "{A2DA4993-9FDA-4C56-97F2-C8F540F514CD}"
EndProject
Project("{8BC9CEB8-8B4A-11D0-8D11-00A0C91BC942}") = "Quine", "Quine\Quine.vcxproj", "{4958C3CF-403A-4ED5-9B16-89A8321FEB60}"
EndProject
Project("{8BC9CEB8-8B4A-11D0-8D11-00A0C91BC942}") = "JSONDemo", "JSONDemo\JSONDemo.vcxproj", "{0B9DD9E3-0E62-48C5-B5EE-722F0D7B32D5}"
EndProject
Project("{8BC9CEB8-8B4A-11D0-8D11-00A0C91BC942}") = "CURLDemo", "CURLDemo\CURLDemo.vcxproj", "{DA5ED9BB-0997-4BAE-975E-5E317783B39E}"
EndProject
Project("{8BC9CEB8-8B4A-11D0-8D11-00A0C91BC942}") = "ShallowCopyProblem", "ShallowCopyProblem\ShallowCopyProblem.vcxproj", "{A895C2DA-687C-4352-96DB-AC7B22D2EE4C}"
EndProject
Project("{8BC9CEB8-8B4A-11D0-8D11-00A0C91BC942}") = "ShallowCopySolution", "ShallowCopySolution\ShallowCopySolution.vcxproj", "{F016CE8F-DFC8-4E74-9CBD-A981DB450548}"
EndProject
Project("{8BC9CEB8-8B4A-11D0-8D11-00A0C91BC942}") = "Arrays", "Arrays\Arrays.vcxproj", "{2E0A0D72-C18B-4EDF-BD2C-CA2451D8646A}"
EndProject
Project("{8BC9CEB8-8B4A-11D0-8D11-00A0C91BC942}") = "ComparableFindMax", "ComparableFindMax\ComparableFindMax.vcxproj", "{154DF69C-15AD-4640-A508-F5136DC15D23}"
EndProject
Project("{8BC9CEB8-8B4A-11D0-8D11-00A0C91BC942}") = "FunctionObjects", "FunctionObjects\FunctionObjects.vcxproj", "{963897A3-D34E-45C8-8995-B071D76CB85F}"
EndProject
Project("{8BC9CEB8-8B4A-11D0-8D11-00A0C91BC942}") = "MatrixAndConst", "MatrixAndConst\MatrixAndConst.vcxproj", "{27564239-0AE9-47F2-B327-7125A3704090}"
EndProject
Project("{8BC9CEB8-8B4A-11D0-8D11-00A0C91BC942}") = "MatrixAndConstMinimal", "MatrixAndConstMinimal\MatrixAndConstMinimal.vcxproj", "{861A8D23-318B-49A4-9570-2A778AC07CDA}"
EndProject
Project("{8BC9CEB8-8B4A-11D0-8D11-00A0C91BC942}") = "MatrixPrint", "MatrixPrint\MatrixPrint.vcxproj", "{8D913857-143F-4AED-A378-770A135998F7}"
EndProject
Project("{8BC9CEB8-8B4A-11D0-8D11-00A0C91BC942}") = "Lambdas", "Lambdas\Lambdas.vcxproj", "{34B1CC36-585E-4C6B-88A4-ECC2598CBA2C}"
EndProject
Project("{8BC9CEB8-8B4A-11D0-8D11-00A0C91BC942}") = "gtest", "..\googletest-master\googletest\msvc\2010\gtest.vcxproj", "{C8F6C172-56F2-4E76-B5FA-C3B423B31BE7}"
EndProject
Project("{8BC9CEB8-8B4A-11D0-8D11-00A0C91BC942}") = "UnitTestDemo", "UnitTestDemo\UnitTestDemo.vcxproj", "{C18332A3-8750-4ACF-8B71-41357F79AA12}"
EndProject
Project("{8BC9CEB8-8B4A-11D0-8D11-00A0C91BC942}") = "Inheritance", "Inheritance\Inheritance.vcxproj", "{F2B4F3EB-24DB-458A-9015-6BC85139EFC9}"
EndProject
Project("{8BC9CEB8-8B4A-11D0-8D11-00A0C91BC942}") = "CmdParse", "CmdParse\CmdParse.vcxproj", "{CAECECCE-E682-4368-9331-5C42859A45DF}"
EndProject
Project("{8BC9CEB8-8B4A-11D0-8D11-00A0C91BC942}") = "Regex", "Regex\Regex.vcxproj", "{BBE6A98D-073C-46AA-80EF-92DE43D9FE05}"
EndProject
Project("{8BC9CEB8-8B4A-11D0-8D11-00A0C91BC942}") = "Virtual", "Virtual\Virtual.vcxproj", "{1153B9BE-8D14-4EDC-A99E-099E732C3170}"
EndProject
Project("{8BC9CEB8-8B4A-11D0-8D11-00A0C91BC942}") = "Slicing", "Slicing\Slicing.vcxproj", "{3A38DACD-F596-446F-BCFB-5E967DFD1D96}"
EndProject
Project("{8BC9CEB8-8B4A-11D0-8D11-00A0C91BC942}") = "ConstructorCall", "ConstructorCall\ConstructorCall.vcxproj", "{51FFD5AC-07F9-4EEB-9217-7951D76D6A7B}"
EndProject
Project("{8BC9CEB8-8B4A-11D0-8D11-00A0C91BC942}") = "FriendFunction", "FriendFunction\FriendFunction.vcxproj", "{0A23F8C7-21C4-4EA8-9170-E38F2C3411FA}"
EndProject
Project("{8BC9CEB8-8B4A-11D0-8D11-00A0C91BC942}") = "UniquePtrVec1", "UniquePtrVec1\UniquePtrVec1.vcxproj", "{65F61D48-EEAE-4955-AEB3-BB04FEF1784E}"
EndProject
Project("{8BC9CEB8-8B4A-11D0-8D11-00A0C91BC942}") = "SharedPtrVec1", "SharedPtrVec1\SharedPtrVec1.vcxproj", "{B6327A73-5070-4935-851D-548ADEA6A3F8}"
EndProject
Project("{8BC9CEB8-8B4A-11D0-8D11-00A0C91BC942}") = "SharedPtrVec2", "SharedPtrVec2\SharedPtrVec2.vcxproj", "{C67AE4E9-819A-4B78-894D-7B79C3424882}"
EndProject
Project("{8BC9CEB8-8B4A-11D0-8D11-00A0C91BC942}") = "TrelloCmdCpp", "TrelloCmdCpp\TrelloCmdCpp.vcxproj", "{EBE0A9F7-A521-4E02-ACF6-EA4ED54DFC27}"
EndProject
Project("{8BC9CEB8-8B4A-11D0-8D11-00A0C91BC942}") = "DoubleAmp", "DoubleAmp\DoubleAmp.vcxproj", "{7ABB6982-40AC-477D-8E41-1E4CF6146F3B}"
EndProject
Project("{8BC9CEB8-8B4A-11D0-8D11-00A0C91BC942}") = "LambdaAutoStaticAssert", "LambdaAutoStaticAssert\LambdaAutoStaticAssert.vcxproj", "{BD7EEB57-BDB4-4FF4-996A-560A7E28CC04}"
EndProject
Project("{8BC9CEB8-8B4A-11D0-8D11-00A0C91BC942}") = "CopyMoveConstructor", "CopyMoveConstructor\CopyMoveConstructor.vcxproj", "{C2144923-0D80-48D2-83F5-F507189AD3B5}"
EndProject
Project("{8BC9CEB8-8B4A-11D0-8D11-00A0C91BC942}") = "CopyMoveConstructor1", "CopyMoveConstructor1\CopyMoveConstructor1.vcxproj", "{AD66C129-F515-4E6B-9D03-FB0C2000A4B0}"
EndProject
Project("{8BC9CEB8-8B4A-11D0-8D11-00A0C91BC942}") = "ParameterPassing", "ParameterPassing\ParameterPassing.vcxproj", "{38A8CD4E-68D7-4868-8619-FB65314DE669}"
EndProject
Project("{8BC9CEB8-8B4A-11D0-8D11-00A0C91BC942}") = "Move1", "Move1\Move1.vcxproj", "{66BCDA34-0270-459E-8698-9B0791F3606A}"
EndProject
Project("{8BC9CEB8-8B4A-11D0-8D11-00A0C91BC942}") = "Move2", "Move2\Move2.vcxproj", "{4F243A64-9A30-4EDF-A08E-FBDACE973D6A}"
EndProject
Project("{8BC9CEB8-8B4A-11D0-8D11-00A0C91BC942}") = "LoopsAndRefs", "LoopsAndRefs\LoopsAndRefs.vcxproj", "{40B3EBC1-829B-4540-A27B-E66A91FD6499}"
EndProject
Project("{8BC9CEB8-8B4A-11D0-8D11-00A0C91BC942}") = "Algorithms", "Algorithms\Algorithms.vcxproj", "{95852690-7F9C-4283-8D87-960E98AE0117}"
EndProject
Project("{8BC9CEB8-8B4A-11D0-8D11-00A0C91BC942}") = "DataStructures", "DataStructures\DataStructures.vcxproj", "{0B419645-032C-4FF1-9773-D8B24A40F1AF}"
EndProject
Project("{8BC9CEB8-8B4A-11D0-8D11-00A0C91BC942}") = "Functional", "Functional\Functional.vcxproj", "{DC57CEF2-8897-4812-8D0B-B58E0D08D775}"
EndProject
Project("{8BC9CEB8-8B4A-11D0-8D11-00A0C91BC942}") = "trello++", "trello++\trello++.vcxproj", "{262AB72F-4CEA-4AC7-82F9-EAD9489D6266}"
EndProject
Project("{8BC9CEB8-8B4A-11D0-8D11-00A0C91BC942}") = "SmartPointers", "SmartPointers\SmartPointers.vcxproj", "{90E982D1-B227-462C-B464-CA918CF41469}"
EndProject
Project("{8BC9CEB8-8B4A-11D0-8D11-00A0C91BC942}") = "Interfaces", "Interfaces\Interfaces.vcxproj", "{8902BEA4-D878-485A-9719-2CFEC459BEE2}"
EndProject
Project("{8BC9CEB8-8B4A-11D0-8D11-00A0C91BC942}") = "MockDemo", "MockDemo\MockDemo.vcxproj", "{754235D6-61D0-4FE4-96EB-24A325D52B0A}"
EndProject
Project("{8BC9CEB8-8B4A-11D0-8D11-00A0C91BC942}") = "gmock", "..\googletest-master\googlemock\msvc\2015\gmock.vcxproj", "{34681F0D-CE45-415D-B5F2-5C662DFE3BD5}"
EndProject
Project("{8BC9CEB8-8B4A-11D0-8D11-00A0C91BC942}") = "WeakPointer", "WeakPointer\WeakPointer.vcxproj", "{F0514C72-9A84-4853-816E-DBD3741CF63A}"
EndProject
Project("{8BC9CEB8-8B4A-11D0-8D11-00A0C91BC942}") = "constexpr", "constexpr\constexpr.vcxproj", "{A36826E3-65CE-4511-BBBF-28A3FC1FF2CC}"
EndProject
Project("{8BC9CEB8-8B4A-11D0-8D11-00A0C91BC942}") = "Using", "Using\Using.vcxproj", "{9659E5A3-7298-4262-83E0-A042A15F7468}"
EndProject
Project("{8BC9CEB8-8B4A-11D0-8D11-00A0C91BC942}") = "Static", "Static\Static.vcxproj", "{C92CEB18-B554-4A60-8CC7-6C126678F833}"
EndProject
Project("{8BC9CEB8-8B4A-11D0-8D11-00A0C91BC942}") = "bind", "bind\bind.vcxproj", "{D73565A3-0C09-43AA-BBDC-E90058C7AB62}"
EndProject
Project("{8BC9CEB8-8B4A-11D0-8D11-00A0C91BC942}") = "pplx-demo", "pplx-demo\pplx-demo.vcxproj", "{914CD6B6-A1DA-4A2B-9A0F-491E77AE85CA}"
EndProject
Project("{8BC9CEB8-8B4A-11D0-8D11-00A0C91BC942}") = "pplx-demo-2", "pplx-demo-2\pplx-demo-2.vcxproj", "{78D4CB92-E8DC-4602-A703-F92ED86C69C2}"
EndProject
Project("{8BC9CEB8-8B4A-11D0-8D11-00A0C91BC942}") = "pplx-demo-3", "pplx-demo-3\pplx-demo-3.vcxproj", "{381E12D8-C930-4354-B67D-CA8049BEA016}"
EndProject
Project("{8BC9CEB8-8B4A-11D0-8D11-00A0C91BC942}") = "precompiled-demo", "precompiled-demo\precompiled-demo.vcxproj", "{3D3CC3C9-5B13-4FA1-AA32-FAB8EFE3A66C}"
EndProject
Project("{8BC9CEB8-8B4A-11D0-8D11-00A0C91BC942}") = "precompiled-demo-2", "precompiled-demo-2\precompiled-demo-2.vcxproj", "{01DEAEC8-F2CF-4508-8250-ABF471928FE5}"
EndProject
Project("{2150E333-8FDC-42A3-9474-1A3956D46DE8}") = "Pointers and Memory", "Pointers and Memory", "{0299AAB6-77D1-41CB-AB8C-65A12BD6B4C4}"
EndProject
Project("{2150E333-8FDC-42A3-9474-1A3956D46DE8}") = "Third Party Library Usage", "Third Party Library Usage", "{EFE55F5A-1F82-4B25-90AF-6FBCBD6F1ADB}"
EndProject
Project("{2150E333-8FDC-42A3-9474-1A3956D46DE8}") = "OOP Classes", "OOP Classes", "{B0194F82-DA3E-44F5-B9A4-54A74B1B2F58}"
EndProject
Project("{2150E333-8FDC-42A3-9474-1A3956D46DE8}") = "Functional Programming", "Functional Programming", "{87BE85D2-8407-4DDA-9BAA-A0A35D6AE2FA}"
EndProject
Project("{2150E333-8FDC-42A3-9474-1A3956D46DE8}") = "C++ lang", "C++ lang", "{79310B70-74A8-4DCD-ACCD-C55317EDB299}"
EndProject
Project("{2150E333-8FDC-42A3-9474-1A3956D46DE8}") = "Async", "Async", "{ECA584CB-DF6E-4C09-A6A3-208F63AD6CA2}"
EndProject
Project("{2150E333-8FDC-42A3-9474-1A3956D46DE8}") = "DB", "DB", "{84FEEB11-375D-4266-A83E-CFAB983AF1D7}"
EndProject
Project("{2150E333-8FDC-42A3-9474-1A3956D46DE8}") = "Compiler Options", "Compiler Options", "{0F182E96-391D-492D-988E-EFD09EEEBD2A}"
EndProject
Project("{2150E333-8FDC-42A3-9474-1A3956D46DE8}") = "Projects", "Projects", "{B48F5E89-F4C0-4762-AE71-D3B7A76D7FB7}"
EndProject
Project("{8BC9CEB8-8B4A-11D0-8D11-00A0C91BC942}") = "cpprest-client-demo", "cpprest-client-demo\cpprest-client-demo.vcxproj", "{8F1C4732-7AE6-456F-82F6-12A73A08C09B}"
EndProject
Project("{8BC9CEB8-8B4A-11D0-8D11-00A0C91BC942}") = "odbc-demo", "odbc-demo\odbc-demo.vcxproj", "{999EA59B-3F67-411D-A327-ECBA05112305}"
EndProject
Project("{2150E333-8FDC-42A3-9474-1A3956D46DE8}") = "Effective Modern C++", "Effective Modern C++", "{959B40F2-5E21-47F1-A8DC-B7A821027D27}"
EndProject
Project("{8BC9CEB8-8B4A-11D0-8D11-00A0C91BC942}") = "type-deduction", "type-deduction\type-deduction.vcxproj", "{DF372AA9-B877-4C5C-A6B7-99E17856C9C9}"
EndProject
Project("{8BC9CEB8-8B4A-11D0-8D11-00A0C91BC942}") = "LambdaList", "LambdaList\LambdaList.vcxproj", "{B9E66C63-D4AA-4BFD-BE67-C2338F221661}"
EndProject
Project("{8BC9CEB8-8B4A-11D0-8D11-00A0C91BC942}") = "ParameterPassing2", "ParameterPassing2\ParameterPassing2.vcxproj", "{1888E3E8-A698-4AD9-BBDB-2872F7808E47}"
EndProject
Project("{8BC9CEB8-8B4A-11D0-8D11-00A0C91BC942}") = "decltype_demo", "decltype_demo\decltype_demo.vcxproj", "{EE19F927-716F-4FC6-94B6-5678545EE231}"
EndProject
Project("{8BC9CEB8-8B4A-11D0-8D11-00A0C91BC942}") = "smart_pointers", "smart_pointers\smart_pointers.vcxproj", "{7DA1297E-69B7-4D19-ADD5-212FCAE74BE9}"
EndProject
Project("{8BC9CEB8-8B4A-11D0-8D11-00A0C91BC942}") = "effective_pointers", "effective_pointers\effective_pointers.vcxproj", "{7B65F4FF-8C7B-4D10-AF58-D91E3C7A19E6}"
EndProject
Project("{8BC9CEB8-8B4A-11D0-8D11-00A0C91BC942}") = "effective_pointers2", "effective_pointers2\effective_pointers2.vcxproj", "{C08A539B-080D-4F96-8806-A9D4A3DD96FA}"
EndProject
Global
	GlobalSection(SolutionConfigurationPlatforms) = preSolution
		Debug|x64 = Debug|x64
		Debug|x86 = Debug|x86
		Release|x64 = Release|x64
		Release|x86 = Release|x86
	EndGlobalSection
	GlobalSection(ProjectConfigurationPlatforms) = postSolution
		{A8432888-236F-486D-BC7A-DCA908046DD8}.Debug|x64.ActiveCfg = Debug|x64
		{A8432888-236F-486D-BC7A-DCA908046DD8}.Debug|x64.Build.0 = Debug|x64
		{A8432888-236F-486D-BC7A-DCA908046DD8}.Debug|x86.ActiveCfg = Debug|Win32
		{A8432888-236F-486D-BC7A-DCA908046DD8}.Debug|x86.Build.0 = Debug|Win32
		{A8432888-236F-486D-BC7A-DCA908046DD8}.Release|x64.ActiveCfg = Release|x64
		{A8432888-236F-486D-BC7A-DCA908046DD8}.Release|x64.Build.0 = Release|x64
		{A8432888-236F-486D-BC7A-DCA908046DD8}.Release|x86.ActiveCfg = Release|Win32
		{A8432888-236F-486D-BC7A-DCA908046DD8}.Release|x86.Build.0 = Release|Win32
		{804B0954-09C5-4003-B43C-9AE7B1813206}.Debug|x64.ActiveCfg = Debug|x64
		{804B0954-09C5-4003-B43C-9AE7B1813206}.Debug|x64.Build.0 = Debug|x64
		{804B0954-09C5-4003-B43C-9AE7B1813206}.Debug|x86.ActiveCfg = Debug|Win32
		{804B0954-09C5-4003-B43C-9AE7B1813206}.Debug|x86.Build.0 = Debug|Win32
		{804B0954-09C5-4003-B43C-9AE7B1813206}.Release|x64.ActiveCfg = Release|x64
		{804B0954-09C5-4003-B43C-9AE7B1813206}.Release|x64.Build.0 = Release|x64
		{804B0954-09C5-4003-B43C-9AE7B1813206}.Release|x86.ActiveCfg = Release|Win32
		{804B0954-09C5-4003-B43C-9AE7B1813206}.Release|x86.Build.0 = Release|Win32
		{12F79C36-A3FB-4328-8673-366F7DCDDBCF}.Debug|x64.ActiveCfg = Debug|x64
		{12F79C36-A3FB-4328-8673-366F7DCDDBCF}.Debug|x64.Build.0 = Debug|x64
		{12F79C36-A3FB-4328-8673-366F7DCDDBCF}.Debug|x86.ActiveCfg = Debug|Win32
		{12F79C36-A3FB-4328-8673-366F7DCDDBCF}.Debug|x86.Build.0 = Debug|Win32
		{12F79C36-A3FB-4328-8673-366F7DCDDBCF}.Release|x64.ActiveCfg = Release|x64
		{12F79C36-A3FB-4328-8673-366F7DCDDBCF}.Release|x64.Build.0 = Release|x64
		{12F79C36-A3FB-4328-8673-366F7DCDDBCF}.Release|x86.ActiveCfg = Release|Win32
		{12F79C36-A3FB-4328-8673-366F7DCDDBCF}.Release|x86.Build.0 = Release|Win32
		{C5948D2C-C53D-4933-9AC5-48066AD6A560}.Debug|x64.ActiveCfg = Debug|x64
		{C5948D2C-C53D-4933-9AC5-48066AD6A560}.Debug|x64.Build.0 = Debug|x64
		{C5948D2C-C53D-4933-9AC5-48066AD6A560}.Debug|x86.ActiveCfg = Debug|Win32
		{C5948D2C-C53D-4933-9AC5-48066AD6A560}.Debug|x86.Build.0 = Debug|Win32
		{C5948D2C-C53D-4933-9AC5-48066AD6A560}.Release|x64.ActiveCfg = Release|x64
		{C5948D2C-C53D-4933-9AC5-48066AD6A560}.Release|x64.Build.0 = Release|x64
		{C5948D2C-C53D-4933-9AC5-48066AD6A560}.Release|x86.ActiveCfg = Release|Win32
		{C5948D2C-C53D-4933-9AC5-48066AD6A560}.Release|x86.Build.0 = Release|Win32
		{4DF851CE-2912-4BF3-9F29-0EA2C2FFCBB4}.Debug|x64.ActiveCfg = Debug|x64
		{4DF851CE-2912-4BF3-9F29-0EA2C2FFCBB4}.Debug|x64.Build.0 = Debug|x64
		{4DF851CE-2912-4BF3-9F29-0EA2C2FFCBB4}.Debug|x86.ActiveCfg = Debug|Win32
		{4DF851CE-2912-4BF3-9F29-0EA2C2FFCBB4}.Debug|x86.Build.0 = Debug|Win32
		{4DF851CE-2912-4BF3-9F29-0EA2C2FFCBB4}.Release|x64.ActiveCfg = Release|x64
		{4DF851CE-2912-4BF3-9F29-0EA2C2FFCBB4}.Release|x64.Build.0 = Release|x64
		{4DF851CE-2912-4BF3-9F29-0EA2C2FFCBB4}.Release|x86.ActiveCfg = Release|Win32
		{4DF851CE-2912-4BF3-9F29-0EA2C2FFCBB4}.Release|x86.Build.0 = Release|Win32
		{77205FE3-9D32-4D2A-A010-23BF88EF893B}.Debug|x64.ActiveCfg = Debug|x64
		{77205FE3-9D32-4D2A-A010-23BF88EF893B}.Debug|x64.Build.0 = Debug|x64
		{77205FE3-9D32-4D2A-A010-23BF88EF893B}.Debug|x86.ActiveCfg = Debug|Win32
		{77205FE3-9D32-4D2A-A010-23BF88EF893B}.Debug|x86.Build.0 = Debug|Win32
		{77205FE3-9D32-4D2A-A010-23BF88EF893B}.Release|x64.ActiveCfg = Release|x64
		{77205FE3-9D32-4D2A-A010-23BF88EF893B}.Release|x64.Build.0 = Release|x64
		{77205FE3-9D32-4D2A-A010-23BF88EF893B}.Release|x86.ActiveCfg = Release|Win32
		{77205FE3-9D32-4D2A-A010-23BF88EF893B}.Release|x86.Build.0 = Release|Win32
		{A320B17E-030F-40DA-B954-F866D0095640}.Debug|x64.ActiveCfg = Debug|x64
		{A320B17E-030F-40DA-B954-F866D0095640}.Debug|x64.Build.0 = Debug|x64
		{A320B17E-030F-40DA-B954-F866D0095640}.Debug|x86.ActiveCfg = Debug|Win32
		{A320B17E-030F-40DA-B954-F866D0095640}.Debug|x86.Build.0 = Debug|Win32
		{A320B17E-030F-40DA-B954-F866D0095640}.Release|x64.ActiveCfg = Release|x64
		{A320B17E-030F-40DA-B954-F866D0095640}.Release|x64.Build.0 = Release|x64
		{A320B17E-030F-40DA-B954-F866D0095640}.Release|x86.ActiveCfg = Release|Win32
		{A320B17E-030F-40DA-B954-F866D0095640}.Release|x86.Build.0 = Release|Win32
		{FE9CA570-BF80-434D-B62F-9B2D37375A5C}.Debug|x64.ActiveCfg = Debug|x64
		{FE9CA570-BF80-434D-B62F-9B2D37375A5C}.Debug|x64.Build.0 = Debug|x64
		{FE9CA570-BF80-434D-B62F-9B2D37375A5C}.Debug|x86.ActiveCfg = Debug|Win32
		{FE9CA570-BF80-434D-B62F-9B2D37375A5C}.Debug|x86.Build.0 = Debug|Win32
		{FE9CA570-BF80-434D-B62F-9B2D37375A5C}.Release|x64.ActiveCfg = Release|x64
		{FE9CA570-BF80-434D-B62F-9B2D37375A5C}.Release|x64.Build.0 = Release|x64
		{FE9CA570-BF80-434D-B62F-9B2D37375A5C}.Release|x86.ActiveCfg = Release|Win32
		{FE9CA570-BF80-434D-B62F-9B2D37375A5C}.Release|x86.Build.0 = Release|Win32
		{CFBDD50B-DAD5-4B8B-8F6E-B961EF159F66}.Debug|x64.ActiveCfg = Debug|x64
		{CFBDD50B-DAD5-4B8B-8F6E-B961EF159F66}.Debug|x64.Build.0 = Debug|x64
		{CFBDD50B-DAD5-4B8B-8F6E-B961EF159F66}.Debug|x86.ActiveCfg = Debug|Win32
		{CFBDD50B-DAD5-4B8B-8F6E-B961EF159F66}.Debug|x86.Build.0 = Debug|Win32
		{CFBDD50B-DAD5-4B8B-8F6E-B961EF159F66}.Release|x64.ActiveCfg = Release|x64
		{CFBDD50B-DAD5-4B8B-8F6E-B961EF159F66}.Release|x64.Build.0 = Release|x64
		{CFBDD50B-DAD5-4B8B-8F6E-B961EF159F66}.Release|x86.ActiveCfg = Release|Win32
		{CFBDD50B-DAD5-4B8B-8F6E-B961EF159F66}.Release|x86.Build.0 = Release|Win32
		{973C7189-DA1E-4533-A38A-8BD07D077337}.Debug|x64.ActiveCfg = Debug|x64
		{973C7189-DA1E-4533-A38A-8BD07D077337}.Debug|x64.Build.0 = Debug|x64
		{973C7189-DA1E-4533-A38A-8BD07D077337}.Debug|x86.ActiveCfg = Debug|Win32
		{973C7189-DA1E-4533-A38A-8BD07D077337}.Debug|x86.Build.0 = Debug|Win32
		{973C7189-DA1E-4533-A38A-8BD07D077337}.Release|x64.ActiveCfg = Release|x64
		{973C7189-DA1E-4533-A38A-8BD07D077337}.Release|x64.Build.0 = Release|x64
		{973C7189-DA1E-4533-A38A-8BD07D077337}.Release|x86.ActiveCfg = Release|Win32
		{973C7189-DA1E-4533-A38A-8BD07D077337}.Release|x86.Build.0 = Release|Win32
		{7D1F3204-7AF0-4B5C-9623-5EC681033952}.Debug|x64.ActiveCfg = Debug|x64
		{7D1F3204-7AF0-4B5C-9623-5EC681033952}.Debug|x64.Build.0 = Debug|x64
		{7D1F3204-7AF0-4B5C-9623-5EC681033952}.Debug|x86.ActiveCfg = Debug|Win32
		{7D1F3204-7AF0-4B5C-9623-5EC681033952}.Debug|x86.Build.0 = Debug|Win32
		{7D1F3204-7AF0-4B5C-9623-5EC681033952}.Release|x64.ActiveCfg = Release|x64
		{7D1F3204-7AF0-4B5C-9623-5EC681033952}.Release|x64.Build.0 = Release|x64
		{7D1F3204-7AF0-4B5C-9623-5EC681033952}.Release|x86.ActiveCfg = Release|Win32
		{7D1F3204-7AF0-4B5C-9623-5EC681033952}.Release|x86.Build.0 = Release|Win32
		{86D4255D-A6CD-481C-98EA-E636358FE6B4}.Debug|x64.ActiveCfg = Debug|x64
		{86D4255D-A6CD-481C-98EA-E636358FE6B4}.Debug|x64.Build.0 = Debug|x64
		{86D4255D-A6CD-481C-98EA-E636358FE6B4}.Debug|x86.ActiveCfg = Debug|Win32
		{86D4255D-A6CD-481C-98EA-E636358FE6B4}.Debug|x86.Build.0 = Debug|Win32
		{86D4255D-A6CD-481C-98EA-E636358FE6B4}.Release|x64.ActiveCfg = Release|x64
		{86D4255D-A6CD-481C-98EA-E636358FE6B4}.Release|x64.Build.0 = Release|x64
		{86D4255D-A6CD-481C-98EA-E636358FE6B4}.Release|x86.ActiveCfg = Release|Win32
		{86D4255D-A6CD-481C-98EA-E636358FE6B4}.Release|x86.Build.0 = Release|Win32
		{4E6E9527-7F15-4E97-8217-FB936B7B6D91}.Debug|x64.ActiveCfg = Debug|x64
		{4E6E9527-7F15-4E97-8217-FB936B7B6D91}.Debug|x64.Build.0 = Debug|x64
		{4E6E9527-7F15-4E97-8217-FB936B7B6D91}.Debug|x86.ActiveCfg = Debug|Win32
		{4E6E9527-7F15-4E97-8217-FB936B7B6D91}.Debug|x86.Build.0 = Debug|Win32
		{4E6E9527-7F15-4E97-8217-FB936B7B6D91}.Release|x64.ActiveCfg = Release|x64
		{4E6E9527-7F15-4E97-8217-FB936B7B6D91}.Release|x64.Build.0 = Release|x64
		{4E6E9527-7F15-4E97-8217-FB936B7B6D91}.Release|x86.ActiveCfg = Release|Win32
		{4E6E9527-7F15-4E97-8217-FB936B7B6D91}.Release|x86.Build.0 = Release|Win32
		{937B7679-FA08-40A3-9318-2F7D09B9F8DD}.Debug|x64.ActiveCfg = Debug|x64
		{937B7679-FA08-40A3-9318-2F7D09B9F8DD}.Debug|x64.Build.0 = Debug|x64
		{937B7679-FA08-40A3-9318-2F7D09B9F8DD}.Debug|x86.ActiveCfg = Debug|Win32
		{937B7679-FA08-40A3-9318-2F7D09B9F8DD}.Debug|x86.Build.0 = Debug|Win32
		{937B7679-FA08-40A3-9318-2F7D09B9F8DD}.Release|x64.ActiveCfg = Release|x64
		{937B7679-FA08-40A3-9318-2F7D09B9F8DD}.Release|x64.Build.0 = Release|x64
		{937B7679-FA08-40A3-9318-2F7D09B9F8DD}.Release|x86.ActiveCfg = Release|Win32
		{937B7679-FA08-40A3-9318-2F7D09B9F8DD}.Release|x86.Build.0 = Release|Win32
		{5530889B-9824-4E86-80D3-66895E43640F}.Debug|x64.ActiveCfg = Debug|x64
		{5530889B-9824-4E86-80D3-66895E43640F}.Debug|x64.Build.0 = Debug|x64
		{5530889B-9824-4E86-80D3-66895E43640F}.Debug|x86.ActiveCfg = Debug|Win32
		{5530889B-9824-4E86-80D3-66895E43640F}.Debug|x86.Build.0 = Debug|Win32
		{5530889B-9824-4E86-80D3-66895E43640F}.Release|x64.ActiveCfg = Release|x64
		{5530889B-9824-4E86-80D3-66895E43640F}.Release|x64.Build.0 = Release|x64
		{5530889B-9824-4E86-80D3-66895E43640F}.Release|x86.ActiveCfg = Release|Win32
		{5530889B-9824-4E86-80D3-66895E43640F}.Release|x86.Build.0 = Release|Win32
		{90214B52-E70B-43CC-B2D5-ABAAE17037D3}.Debug|x64.ActiveCfg = Debug|x64
		{90214B52-E70B-43CC-B2D5-ABAAE17037D3}.Debug|x64.Build.0 = Debug|x64
		{90214B52-E70B-43CC-B2D5-ABAAE17037D3}.Debug|x86.ActiveCfg = Debug|Win32
		{90214B52-E70B-43CC-B2D5-ABAAE17037D3}.Debug|x86.Build.0 = Debug|Win32
		{90214B52-E70B-43CC-B2D5-ABAAE17037D3}.Release|x64.ActiveCfg = Release|x64
		{90214B52-E70B-43CC-B2D5-ABAAE17037D3}.Release|x64.Build.0 = Release|x64
		{90214B52-E70B-43CC-B2D5-ABAAE17037D3}.Release|x86.ActiveCfg = Release|Win32
		{90214B52-E70B-43CC-B2D5-ABAAE17037D3}.Release|x86.Build.0 = Release|Win32
		{C85D2600-4249-4381-B683-65253D948AAB}.Debug|x64.ActiveCfg = Debug|x64
		{C85D2600-4249-4381-B683-65253D948AAB}.Debug|x64.Build.0 = Debug|x64
		{C85D2600-4249-4381-B683-65253D948AAB}.Debug|x86.ActiveCfg = Debug|Win32
		{C85D2600-4249-4381-B683-65253D948AAB}.Debug|x86.Build.0 = Debug|Win32
		{C85D2600-4249-4381-B683-65253D948AAB}.Release|x64.ActiveCfg = Release|x64
		{C85D2600-4249-4381-B683-65253D948AAB}.Release|x64.Build.0 = Release|x64
		{C85D2600-4249-4381-B683-65253D948AAB}.Release|x86.ActiveCfg = Release|Win32
		{C85D2600-4249-4381-B683-65253D948AAB}.Release|x86.Build.0 = Release|Win32
		{AF287FCB-522A-477E-A77B-623086EBB5FD}.Debug|x64.ActiveCfg = Debug|x64
		{AF287FCB-522A-477E-A77B-623086EBB5FD}.Debug|x64.Build.0 = Debug|x64
		{AF287FCB-522A-477E-A77B-623086EBB5FD}.Debug|x86.ActiveCfg = Debug|Win32
		{AF287FCB-522A-477E-A77B-623086EBB5FD}.Debug|x86.Build.0 = Debug|Win32
		{AF287FCB-522A-477E-A77B-623086EBB5FD}.Release|x64.ActiveCfg = Release|x64
		{AF287FCB-522A-477E-A77B-623086EBB5FD}.Release|x64.Build.0 = Release|x64
		{AF287FCB-522A-477E-A77B-623086EBB5FD}.Release|x86.ActiveCfg = Release|Win32
		{AF287FCB-522A-477E-A77B-623086EBB5FD}.Release|x86.Build.0 = Release|Win32
		{56C01253-E60E-4C3F-99CD-03101F34FB82}.Debug|x64.ActiveCfg = Debug|x64
		{56C01253-E60E-4C3F-99CD-03101F34FB82}.Debug|x64.Build.0 = Debug|x64
		{56C01253-E60E-4C3F-99CD-03101F34FB82}.Debug|x86.ActiveCfg = Debug|Win32
		{56C01253-E60E-4C3F-99CD-03101F34FB82}.Debug|x86.Build.0 = Debug|Win32
		{56C01253-E60E-4C3F-99CD-03101F34FB82}.Release|x64.ActiveCfg = Release|x64
		{56C01253-E60E-4C3F-99CD-03101F34FB82}.Release|x64.Build.0 = Release|x64
		{56C01253-E60E-4C3F-99CD-03101F34FB82}.Release|x86.ActiveCfg = Release|Win32
		{56C01253-E60E-4C3F-99CD-03101F34FB82}.Release|x86.Build.0 = Release|Win32
		{A09C6590-5F54-4ADB-88D8-48ED2EFCAD70}.Debug|x64.ActiveCfg = Debug|x64
		{A09C6590-5F54-4ADB-88D8-48ED2EFCAD70}.Debug|x64.Build.0 = Debug|x64
		{A09C6590-5F54-4ADB-88D8-48ED2EFCAD70}.Debug|x86.ActiveCfg = Debug|Win32
		{A09C6590-5F54-4ADB-88D8-48ED2EFCAD70}.Debug|x86.Build.0 = Debug|Win32
		{A09C6590-5F54-4ADB-88D8-48ED2EFCAD70}.Release|x64.ActiveCfg = Release|x64
		{A09C6590-5F54-4ADB-88D8-48ED2EFCAD70}.Release|x64.Build.0 = Release|x64
		{A09C6590-5F54-4ADB-88D8-48ED2EFCAD70}.Release|x86.ActiveCfg = Release|Win32
		{A09C6590-5F54-4ADB-88D8-48ED2EFCAD70}.Release|x86.Build.0 = Release|Win32
		{242CC5D3-0670-4E05-8D7C-A6E236D5C539}.Debug|x64.ActiveCfg = Debug|x64
		{242CC5D3-0670-4E05-8D7C-A6E236D5C539}.Debug|x64.Build.0 = Debug|x64
		{242CC5D3-0670-4E05-8D7C-A6E236D5C539}.Debug|x86.ActiveCfg = Debug|Win32
		{242CC5D3-0670-4E05-8D7C-A6E236D5C539}.Debug|x86.Build.0 = Debug|Win32
		{242CC5D3-0670-4E05-8D7C-A6E236D5C539}.Release|x64.ActiveCfg = Release|x64
		{242CC5D3-0670-4E05-8D7C-A6E236D5C539}.Release|x64.Build.0 = Release|x64
		{242CC5D3-0670-4E05-8D7C-A6E236D5C539}.Release|x86.ActiveCfg = Release|Win32
		{242CC5D3-0670-4E05-8D7C-A6E236D5C539}.Release|x86.Build.0 = Release|Win32
		{2CD5C265-0F82-4051-BA3E-530F6723BDAE}.Debug|x64.ActiveCfg = Debug|x64
		{2CD5C265-0F82-4051-BA3E-530F6723BDAE}.Debug|x64.Build.0 = Debug|x64
		{2CD5C265-0F82-4051-BA3E-530F6723BDAE}.Debug|x86.ActiveCfg = Debug|Win32
		{2CD5C265-0F82-4051-BA3E-530F6723BDAE}.Debug|x86.Build.0 = Debug|Win32
		{2CD5C265-0F82-4051-BA3E-530F6723BDAE}.Release|x64.ActiveCfg = Release|x64
		{2CD5C265-0F82-4051-BA3E-530F6723BDAE}.Release|x64.Build.0 = Release|x64
		{2CD5C265-0F82-4051-BA3E-530F6723BDAE}.Release|x86.ActiveCfg = Release|Win32
		{2CD5C265-0F82-4051-BA3E-530F6723BDAE}.Release|x86.Build.0 = Release|Win32
		{19BE7817-F5F5-4C33-9720-42C9922042D8}.Debug|x64.ActiveCfg = Debug|x64
		{19BE7817-F5F5-4C33-9720-42C9922042D8}.Debug|x64.Build.0 = Debug|x64
		{19BE7817-F5F5-4C33-9720-42C9922042D8}.Debug|x86.ActiveCfg = Debug|Win32
		{19BE7817-F5F5-4C33-9720-42C9922042D8}.Debug|x86.Build.0 = Debug|Win32
		{19BE7817-F5F5-4C33-9720-42C9922042D8}.Release|x64.ActiveCfg = Release|x64
		{19BE7817-F5F5-4C33-9720-42C9922042D8}.Release|x64.Build.0 = Release|x64
		{19BE7817-F5F5-4C33-9720-42C9922042D8}.Release|x86.ActiveCfg = Release|Win32
		{19BE7817-F5F5-4C33-9720-42C9922042D8}.Release|x86.Build.0 = Release|Win32
		{CE462745-2A16-48C7-B676-D97BC29D7B63}.Debug|x64.ActiveCfg = Debug|x64
		{CE462745-2A16-48C7-B676-D97BC29D7B63}.Debug|x64.Build.0 = Debug|x64
		{CE462745-2A16-48C7-B676-D97BC29D7B63}.Debug|x86.ActiveCfg = Debug|Win32
		{CE462745-2A16-48C7-B676-D97BC29D7B63}.Debug|x86.Build.0 = Debug|Win32
		{CE462745-2A16-48C7-B676-D97BC29D7B63}.Release|x64.ActiveCfg = Release|x64
		{CE462745-2A16-48C7-B676-D97BC29D7B63}.Release|x64.Build.0 = Release|x64
		{CE462745-2A16-48C7-B676-D97BC29D7B63}.Release|x86.ActiveCfg = Release|Win32
		{CE462745-2A16-48C7-B676-D97BC29D7B63}.Release|x86.Build.0 = Release|Win32
		{DD23E487-8022-4F56-BE8D-C41DF0055662}.Debug|x64.ActiveCfg = Debug|x64
		{DD23E487-8022-4F56-BE8D-C41DF0055662}.Debug|x64.Build.0 = Debug|x64
		{DD23E487-8022-4F56-BE8D-C41DF0055662}.Debug|x86.ActiveCfg = Debug|Win32
		{DD23E487-8022-4F56-BE8D-C41DF0055662}.Debug|x86.Build.0 = Debug|Win32
		{DD23E487-8022-4F56-BE8D-C41DF0055662}.Release|x64.ActiveCfg = Release|x64
		{DD23E487-8022-4F56-BE8D-C41DF0055662}.Release|x64.Build.0 = Release|x64
		{DD23E487-8022-4F56-BE8D-C41DF0055662}.Release|x86.ActiveCfg = Release|Win32
		{DD23E487-8022-4F56-BE8D-C41DF0055662}.Release|x86.Build.0 = Release|Win32
		{93D3A0B6-0DDE-4AB9-84EB-55567705B6B9}.Debug|x64.ActiveCfg = Debug|x64
		{93D3A0B6-0DDE-4AB9-84EB-55567705B6B9}.Debug|x64.Build.0 = Debug|x64
		{93D3A0B6-0DDE-4AB9-84EB-55567705B6B9}.Debug|x86.ActiveCfg = Debug|Win32
		{93D3A0B6-0DDE-4AB9-84EB-55567705B6B9}.Debug|x86.Build.0 = Debug|Win32
		{93D3A0B6-0DDE-4AB9-84EB-55567705B6B9}.Release|x64.ActiveCfg = Release|x64
		{93D3A0B6-0DDE-4AB9-84EB-55567705B6B9}.Release|x64.Build.0 = Release|x64
		{93D3A0B6-0DDE-4AB9-84EB-55567705B6B9}.Release|x86.ActiveCfg = Release|Win32
		{93D3A0B6-0DDE-4AB9-84EB-55567705B6B9}.Release|x86.Build.0 = Release|Win32
		{65EED930-291C-449C-8868-66F290C4F9C7}.Debug|x64.ActiveCfg = Debug|x64
		{65EED930-291C-449C-8868-66F290C4F9C7}.Debug|x64.Build.0 = Debug|x64
		{65EED930-291C-449C-8868-66F290C4F9C7}.Debug|x86.ActiveCfg = Debug|Win32
		{65EED930-291C-449C-8868-66F290C4F9C7}.Debug|x86.Build.0 = Debug|Win32
		{65EED930-291C-449C-8868-66F290C4F9C7}.Release|x64.ActiveCfg = Release|x64
		{65EED930-291C-449C-8868-66F290C4F9C7}.Release|x64.Build.0 = Release|x64
		{65EED930-291C-449C-8868-66F290C4F9C7}.Release|x86.ActiveCfg = Release|Win32
		{65EED930-291C-449C-8868-66F290C4F9C7}.Release|x86.Build.0 = Release|Win32
		{99BE7CB5-EE4F-47A8-9781-8C2430825605}.Debug|x64.ActiveCfg = Debug|x64
		{99BE7CB5-EE4F-47A8-9781-8C2430825605}.Debug|x64.Build.0 = Debug|x64
		{99BE7CB5-EE4F-47A8-9781-8C2430825605}.Debug|x86.ActiveCfg = Debug|Win32
		{99BE7CB5-EE4F-47A8-9781-8C2430825605}.Debug|x86.Build.0 = Debug|Win32
		{99BE7CB5-EE4F-47A8-9781-8C2430825605}.Release|x64.ActiveCfg = Release|x64
		{99BE7CB5-EE4F-47A8-9781-8C2430825605}.Release|x64.Build.0 = Release|x64
		{99BE7CB5-EE4F-47A8-9781-8C2430825605}.Release|x86.ActiveCfg = Release|Win32
		{99BE7CB5-EE4F-47A8-9781-8C2430825605}.Release|x86.Build.0 = Release|Win32
		{A2DA4993-9FDA-4C56-97F2-C8F540F514CD}.Debug|x64.ActiveCfg = Debug|x64
		{A2DA4993-9FDA-4C56-97F2-C8F540F514CD}.Debug|x64.Build.0 = Debug|x64
		{A2DA4993-9FDA-4C56-97F2-C8F540F514CD}.Debug|x86.ActiveCfg = Debug|Win32
		{A2DA4993-9FDA-4C56-97F2-C8F540F514CD}.Debug|x86.Build.0 = Debug|Win32
		{A2DA4993-9FDA-4C56-97F2-C8F540F514CD}.Release|x64.ActiveCfg = Release|x64
		{A2DA4993-9FDA-4C56-97F2-C8F540F514CD}.Release|x64.Build.0 = Release|x64
		{A2DA4993-9FDA-4C56-97F2-C8F540F514CD}.Release|x86.ActiveCfg = Release|Win32
		{A2DA4993-9FDA-4C56-97F2-C8F540F514CD}.Release|x86.Build.0 = Release|Win32
		{4958C3CF-403A-4ED5-9B16-89A8321FEB60}.Debug|x64.ActiveCfg = Debug|x64
		{4958C3CF-403A-4ED5-9B16-89A8321FEB60}.Debug|x64.Build.0 = Debug|x64
		{4958C3CF-403A-4ED5-9B16-89A8321FEB60}.Debug|x86.ActiveCfg = Debug|Win32
		{4958C3CF-403A-4ED5-9B16-89A8321FEB60}.Debug|x86.Build.0 = Debug|Win32
		{4958C3CF-403A-4ED5-9B16-89A8321FEB60}.Release|x64.ActiveCfg = Release|x64
		{4958C3CF-403A-4ED5-9B16-89A8321FEB60}.Release|x64.Build.0 = Release|x64
		{4958C3CF-403A-4ED5-9B16-89A8321FEB60}.Release|x86.ActiveCfg = Release|Win32
		{4958C3CF-403A-4ED5-9B16-89A8321FEB60}.Release|x86.Build.0 = Release|Win32
		{0B9DD9E3-0E62-48C5-B5EE-722F0D7B32D5}.Debug|x64.ActiveCfg = Debug|x64
		{0B9DD9E3-0E62-48C5-B5EE-722F0D7B32D5}.Debug|x64.Build.0 = Debug|x64
		{0B9DD9E3-0E62-48C5-B5EE-722F0D7B32D5}.Debug|x86.ActiveCfg = Debug|Win32
		{0B9DD9E3-0E62-48C5-B5EE-722F0D7B32D5}.Debug|x86.Build.0 = Debug|Win32
		{0B9DD9E3-0E62-48C5-B5EE-722F0D7B32D5}.Release|x64.ActiveCfg = Release|x64
		{0B9DD9E3-0E62-48C5-B5EE-722F0D7B32D5}.Release|x64.Build.0 = Release|x64
		{0B9DD9E3-0E62-48C5-B5EE-722F0D7B32D5}.Release|x86.ActiveCfg = Release|Win32
		{0B9DD9E3-0E62-48C5-B5EE-722F0D7B32D5}.Release|x86.Build.0 = Release|Win32
		{DA5ED9BB-0997-4BAE-975E-5E317783B39E}.Debug|x64.ActiveCfg = Debug|x64
		{DA5ED9BB-0997-4BAE-975E-5E317783B39E}.Debug|x64.Build.0 = Debug|x64
		{DA5ED9BB-0997-4BAE-975E-5E317783B39E}.Debug|x86.ActiveCfg = Debug|Win32
		{DA5ED9BB-0997-4BAE-975E-5E317783B39E}.Debug|x86.Build.0 = Debug|Win32
		{DA5ED9BB-0997-4BAE-975E-5E317783B39E}.Release|x64.ActiveCfg = Release|x64
		{DA5ED9BB-0997-4BAE-975E-5E317783B39E}.Release|x64.Build.0 = Release|x64
		{DA5ED9BB-0997-4BAE-975E-5E317783B39E}.Release|x86.ActiveCfg = Release|Win32
		{DA5ED9BB-0997-4BAE-975E-5E317783B39E}.Release|x86.Build.0 = Release|Win32
		{A895C2DA-687C-4352-96DB-AC7B22D2EE4C}.Debug|x64.ActiveCfg = Debug|x64
		{A895C2DA-687C-4352-96DB-AC7B22D2EE4C}.Debug|x64.Build.0 = Debug|x64
		{A895C2DA-687C-4352-96DB-AC7B22D2EE4C}.Debug|x86.ActiveCfg = Debug|Win32
		{A895C2DA-687C-4352-96DB-AC7B22D2EE4C}.Debug|x86.Build.0 = Debug|Win32
		{A895C2DA-687C-4352-96DB-AC7B22D2EE4C}.Release|x64.ActiveCfg = Release|x64
		{A895C2DA-687C-4352-96DB-AC7B22D2EE4C}.Release|x64.Build.0 = Release|x64
		{A895C2DA-687C-4352-96DB-AC7B22D2EE4C}.Release|x86.ActiveCfg = Release|Win32
		{A895C2DA-687C-4352-96DB-AC7B22D2EE4C}.Release|x86.Build.0 = Release|Win32
		{F016CE8F-DFC8-4E74-9CBD-A981DB450548}.Debug|x64.ActiveCfg = Debug|x64
		{F016CE8F-DFC8-4E74-9CBD-A981DB450548}.Debug|x64.Build.0 = Debug|x64
		{F016CE8F-DFC8-4E74-9CBD-A981DB450548}.Debug|x86.ActiveCfg = Debug|Win32
		{F016CE8F-DFC8-4E74-9CBD-A981DB450548}.Debug|x86.Build.0 = Debug|Win32
		{F016CE8F-DFC8-4E74-9CBD-A981DB450548}.Release|x64.ActiveCfg = Release|x64
		{F016CE8F-DFC8-4E74-9CBD-A981DB450548}.Release|x64.Build.0 = Release|x64
		{F016CE8F-DFC8-4E74-9CBD-A981DB450548}.Release|x86.ActiveCfg = Release|Win32
		{F016CE8F-DFC8-4E74-9CBD-A981DB450548}.Release|x86.Build.0 = Release|Win32
		{2E0A0D72-C18B-4EDF-BD2C-CA2451D8646A}.Debug|x64.ActiveCfg = Debug|x64
		{2E0A0D72-C18B-4EDF-BD2C-CA2451D8646A}.Debug|x64.Build.0 = Debug|x64
		{2E0A0D72-C18B-4EDF-BD2C-CA2451D8646A}.Debug|x86.ActiveCfg = Debug|Win32
		{2E0A0D72-C18B-4EDF-BD2C-CA2451D8646A}.Debug|x86.Build.0 = Debug|Win32
		{2E0A0D72-C18B-4EDF-BD2C-CA2451D8646A}.Release|x64.ActiveCfg = Release|x64
		{2E0A0D72-C18B-4EDF-BD2C-CA2451D8646A}.Release|x64.Build.0 = Release|x64
		{2E0A0D72-C18B-4EDF-BD2C-CA2451D8646A}.Release|x86.ActiveCfg = Release|Win32
		{2E0A0D72-C18B-4EDF-BD2C-CA2451D8646A}.Release|x86.Build.0 = Release|Win32
		{154DF69C-15AD-4640-A508-F5136DC15D23}.Debug|x64.ActiveCfg = Debug|x64
		{154DF69C-15AD-4640-A508-F5136DC15D23}.Debug|x64.Build.0 = Debug|x64
		{154DF69C-15AD-4640-A508-F5136DC15D23}.Debug|x86.ActiveCfg = Debug|Win32
		{154DF69C-15AD-4640-A508-F5136DC15D23}.Debug|x86.Build.0 = Debug|Win32
		{154DF69C-15AD-4640-A508-F5136DC15D23}.Release|x64.ActiveCfg = Release|x64
		{154DF69C-15AD-4640-A508-F5136DC15D23}.Release|x64.Build.0 = Release|x64
		{154DF69C-15AD-4640-A508-F5136DC15D23}.Release|x86.ActiveCfg = Release|Win32
		{154DF69C-15AD-4640-A508-F5136DC15D23}.Release|x86.Build.0 = Release|Win32
		{963897A3-D34E-45C8-8995-B071D76CB85F}.Debug|x64.ActiveCfg = Debug|x64
		{963897A3-D34E-45C8-8995-B071D76CB85F}.Debug|x64.Build.0 = Debug|x64
		{963897A3-D34E-45C8-8995-B071D76CB85F}.Debug|x86.ActiveCfg = Debug|Win32
		{963897A3-D34E-45C8-8995-B071D76CB85F}.Debug|x86.Build.0 = Debug|Win32
		{963897A3-D34E-45C8-8995-B071D76CB85F}.Release|x64.ActiveCfg = Release|x64
		{963897A3-D34E-45C8-8995-B071D76CB85F}.Release|x64.Build.0 = Release|x64
		{963897A3-D34E-45C8-8995-B071D76CB85F}.Release|x86.ActiveCfg = Release|Win32
		{963897A3-D34E-45C8-8995-B071D76CB85F}.Release|x86.Build.0 = Release|Win32
		{27564239-0AE9-47F2-B327-7125A3704090}.Debug|x64.ActiveCfg = Debug|x64
		{27564239-0AE9-47F2-B327-7125A3704090}.Debug|x64.Build.0 = Debug|x64
		{27564239-0AE9-47F2-B327-7125A3704090}.Debug|x86.ActiveCfg = Debug|Win32
		{27564239-0AE9-47F2-B327-7125A3704090}.Debug|x86.Build.0 = Debug|Win32
		{27564239-0AE9-47F2-B327-7125A3704090}.Release|x64.ActiveCfg = Release|x64
		{27564239-0AE9-47F2-B327-7125A3704090}.Release|x64.Build.0 = Release|x64
		{27564239-0AE9-47F2-B327-7125A3704090}.Release|x86.ActiveCfg = Release|Win32
		{27564239-0AE9-47F2-B327-7125A3704090}.Release|x86.Build.0 = Release|Win32
		{861A8D23-318B-49A4-9570-2A778AC07CDA}.Debug|x64.ActiveCfg = Debug|x64
		{861A8D23-318B-49A4-9570-2A778AC07CDA}.Debug|x64.Build.0 = Debug|x64
		{861A8D23-318B-49A4-9570-2A778AC07CDA}.Debug|x86.ActiveCfg = Debug|Win32
		{861A8D23-318B-49A4-9570-2A778AC07CDA}.Debug|x86.Build.0 = Debug|Win32
		{861A8D23-318B-49A4-9570-2A778AC07CDA}.Release|x64.ActiveCfg = Release|x64
		{861A8D23-318B-49A4-9570-2A778AC07CDA}.Release|x64.Build.0 = Release|x64
		{861A8D23-318B-49A4-9570-2A778AC07CDA}.Release|x86.ActiveCfg = Release|Win32
		{861A8D23-318B-49A4-9570-2A778AC07CDA}.Release|x86.Build.0 = Release|Win32
		{8D913857-143F-4AED-A378-770A135998F7}.Debug|x64.ActiveCfg = Debug|x64
		{8D913857-143F-4AED-A378-770A135998F7}.Debug|x64.Build.0 = Debug|x64
		{8D913857-143F-4AED-A378-770A135998F7}.Debug|x86.ActiveCfg = Debug|Win32
		{8D913857-143F-4AED-A378-770A135998F7}.Debug|x86.Build.0 = Debug|Win32
		{8D913857-143F-4AED-A378-770A135998F7}.Release|x64.ActiveCfg = Release|x64
		{8D913857-143F-4AED-A378-770A135998F7}.Release|x64.Build.0 = Release|x64
		{8D913857-143F-4AED-A378-770A135998F7}.Release|x86.ActiveCfg = Release|Win32
		{8D913857-143F-4AED-A378-770A135998F7}.Release|x86.Build.0 = Release|Win32
		{34B1CC36-585E-4C6B-88A4-ECC2598CBA2C}.Debug|x64.ActiveCfg = Debug|x64
		{34B1CC36-585E-4C6B-88A4-ECC2598CBA2C}.Debug|x64.Build.0 = Debug|x64
		{34B1CC36-585E-4C6B-88A4-ECC2598CBA2C}.Debug|x86.ActiveCfg = Debug|Win32
		{34B1CC36-585E-4C6B-88A4-ECC2598CBA2C}.Debug|x86.Build.0 = Debug|Win32
		{34B1CC36-585E-4C6B-88A4-ECC2598CBA2C}.Release|x64.ActiveCfg = Release|x64
		{34B1CC36-585E-4C6B-88A4-ECC2598CBA2C}.Release|x64.Build.0 = Release|x64
		{34B1CC36-585E-4C6B-88A4-ECC2598CBA2C}.Release|x86.ActiveCfg = Release|Win32
		{34B1CC36-585E-4C6B-88A4-ECC2598CBA2C}.Release|x86.Build.0 = Release|Win32
		{C8F6C172-56F2-4E76-B5FA-C3B423B31BE7}.Debug|x64.ActiveCfg = Debug|x64
		{C8F6C172-56F2-4E76-B5FA-C3B423B31BE7}.Debug|x64.Build.0 = Debug|x64
		{C8F6C172-56F2-4E76-B5FA-C3B423B31BE7}.Debug|x86.ActiveCfg = Debug|Win32
		{C8F6C172-56F2-4E76-B5FA-C3B423B31BE7}.Debug|x86.Build.0 = Debug|Win32
		{C8F6C172-56F2-4E76-B5FA-C3B423B31BE7}.Release|x64.ActiveCfg = Release|x64
		{C8F6C172-56F2-4E76-B5FA-C3B423B31BE7}.Release|x64.Build.0 = Release|x64
		{C8F6C172-56F2-4E76-B5FA-C3B423B31BE7}.Release|x86.ActiveCfg = Release|Win32
		{C8F6C172-56F2-4E76-B5FA-C3B423B31BE7}.Release|x86.Build.0 = Release|Win32
		{C18332A3-8750-4ACF-8B71-41357F79AA12}.Debug|x64.ActiveCfg = Debug|x64
		{C18332A3-8750-4ACF-8B71-41357F79AA12}.Debug|x64.Build.0 = Debug|x64
		{C18332A3-8750-4ACF-8B71-41357F79AA12}.Debug|x86.ActiveCfg = Debug|Win32
		{C18332A3-8750-4ACF-8B71-41357F79AA12}.Debug|x86.Build.0 = Debug|Win32
		{C18332A3-8750-4ACF-8B71-41357F79AA12}.Release|x64.ActiveCfg = Release|x64
		{C18332A3-8750-4ACF-8B71-41357F79AA12}.Release|x64.Build.0 = Release|x64
		{C18332A3-8750-4ACF-8B71-41357F79AA12}.Release|x86.ActiveCfg = Release|Win32
		{C18332A3-8750-4ACF-8B71-41357F79AA12}.Release|x86.Build.0 = Release|Win32
		{F2B4F3EB-24DB-458A-9015-6BC85139EFC9}.Debug|x64.ActiveCfg = Debug|x64
		{F2B4F3EB-24DB-458A-9015-6BC85139EFC9}.Debug|x64.Build.0 = Debug|x64
		{F2B4F3EB-24DB-458A-9015-6BC85139EFC9}.Debug|x86.ActiveCfg = Debug|Win32
		{F2B4F3EB-24DB-458A-9015-6BC85139EFC9}.Debug|x86.Build.0 = Debug|Win32
		{F2B4F3EB-24DB-458A-9015-6BC85139EFC9}.Release|x64.ActiveCfg = Release|x64
		{F2B4F3EB-24DB-458A-9015-6BC85139EFC9}.Release|x64.Build.0 = Release|x64
		{F2B4F3EB-24DB-458A-9015-6BC85139EFC9}.Release|x86.ActiveCfg = Release|Win32
		{F2B4F3EB-24DB-458A-9015-6BC85139EFC9}.Release|x86.Build.0 = Release|Win32
		{CAECECCE-E682-4368-9331-5C42859A45DF}.Debug|x64.ActiveCfg = Debug|x64
		{CAECECCE-E682-4368-9331-5C42859A45DF}.Debug|x64.Build.0 = Debug|x64
		{CAECECCE-E682-4368-9331-5C42859A45DF}.Debug|x86.ActiveCfg = Debug|Win32
		{CAECECCE-E682-4368-9331-5C42859A45DF}.Debug|x86.Build.0 = Debug|Win32
		{CAECECCE-E682-4368-9331-5C42859A45DF}.Release|x64.ActiveCfg = Release|x64
		{CAECECCE-E682-4368-9331-5C42859A45DF}.Release|x64.Build.0 = Release|x64
		{CAECECCE-E682-4368-9331-5C42859A45DF}.Release|x86.ActiveCfg = Release|Win32
		{CAECECCE-E682-4368-9331-5C42859A45DF}.Release|x86.Build.0 = Release|Win32
		{BBE6A98D-073C-46AA-80EF-92DE43D9FE05}.Debug|x64.ActiveCfg = Debug|x64
		{BBE6A98D-073C-46AA-80EF-92DE43D9FE05}.Debug|x64.Build.0 = Debug|x64
		{BBE6A98D-073C-46AA-80EF-92DE43D9FE05}.Debug|x86.ActiveCfg = Debug|Win32
		{BBE6A98D-073C-46AA-80EF-92DE43D9FE05}.Debug|x86.Build.0 = Debug|Win32
		{BBE6A98D-073C-46AA-80EF-92DE43D9FE05}.Release|x64.ActiveCfg = Release|x64
		{BBE6A98D-073C-46AA-80EF-92DE43D9FE05}.Release|x64.Build.0 = Release|x64
		{BBE6A98D-073C-46AA-80EF-92DE43D9FE05}.Release|x86.ActiveCfg = Release|Win32
		{BBE6A98D-073C-46AA-80EF-92DE43D9FE05}.Release|x86.Build.0 = Release|Win32
		{1153B9BE-8D14-4EDC-A99E-099E732C3170}.Debug|x64.ActiveCfg = Debug|x64
		{1153B9BE-8D14-4EDC-A99E-099E732C3170}.Debug|x64.Build.0 = Debug|x64
		{1153B9BE-8D14-4EDC-A99E-099E732C3170}.Debug|x86.ActiveCfg = Debug|Win32
		{1153B9BE-8D14-4EDC-A99E-099E732C3170}.Debug|x86.Build.0 = Debug|Win32
		{1153B9BE-8D14-4EDC-A99E-099E732C3170}.Release|x64.ActiveCfg = Release|x64
		{1153B9BE-8D14-4EDC-A99E-099E732C3170}.Release|x64.Build.0 = Release|x64
		{1153B9BE-8D14-4EDC-A99E-099E732C3170}.Release|x86.ActiveCfg = Release|Win32
		{1153B9BE-8D14-4EDC-A99E-099E732C3170}.Release|x86.Build.0 = Release|Win32
		{3A38DACD-F596-446F-BCFB-5E967DFD1D96}.Debug|x64.ActiveCfg = Debug|x64
		{3A38DACD-F596-446F-BCFB-5E967DFD1D96}.Debug|x64.Build.0 = Debug|x64
		{3A38DACD-F596-446F-BCFB-5E967DFD1D96}.Debug|x86.ActiveCfg = Debug|Win32
		{3A38DACD-F596-446F-BCFB-5E967DFD1D96}.Debug|x86.Build.0 = Debug|Win32
		{3A38DACD-F596-446F-BCFB-5E967DFD1D96}.Release|x64.ActiveCfg = Release|x64
		{3A38DACD-F596-446F-BCFB-5E967DFD1D96}.Release|x64.Build.0 = Release|x64
		{3A38DACD-F596-446F-BCFB-5E967DFD1D96}.Release|x86.ActiveCfg = Release|Win32
		{3A38DACD-F596-446F-BCFB-5E967DFD1D96}.Release|x86.Build.0 = Release|Win32
		{51FFD5AC-07F9-4EEB-9217-7951D76D6A7B}.Debug|x64.ActiveCfg = Debug|x64
		{51FFD5AC-07F9-4EEB-9217-7951D76D6A7B}.Debug|x64.Build.0 = Debug|x64
		{51FFD5AC-07F9-4EEB-9217-7951D76D6A7B}.Debug|x86.ActiveCfg = Debug|Win32
		{51FFD5AC-07F9-4EEB-9217-7951D76D6A7B}.Debug|x86.Build.0 = Debug|Win32
		{51FFD5AC-07F9-4EEB-9217-7951D76D6A7B}.Release|x64.ActiveCfg = Release|x64
		{51FFD5AC-07F9-4EEB-9217-7951D76D6A7B}.Release|x64.Build.0 = Release|x64
		{51FFD5AC-07F9-4EEB-9217-7951D76D6A7B}.Release|x86.ActiveCfg = Release|Win32
		{51FFD5AC-07F9-4EEB-9217-7951D76D6A7B}.Release|x86.Build.0 = Release|Win32
		{0A23F8C7-21C4-4EA8-9170-E38F2C3411FA}.Debug|x64.ActiveCfg = Debug|x64
		{0A23F8C7-21C4-4EA8-9170-E38F2C3411FA}.Debug|x64.Build.0 = Debug|x64
		{0A23F8C7-21C4-4EA8-9170-E38F2C3411FA}.Debug|x86.ActiveCfg = Debug|Win32
		{0A23F8C7-21C4-4EA8-9170-E38F2C3411FA}.Debug|x86.Build.0 = Debug|Win32
		{0A23F8C7-21C4-4EA8-9170-E38F2C3411FA}.Release|x64.ActiveCfg = Release|x64
		{0A23F8C7-21C4-4EA8-9170-E38F2C3411FA}.Release|x64.Build.0 = Release|x64
		{0A23F8C7-21C4-4EA8-9170-E38F2C3411FA}.Release|x86.ActiveCfg = Release|Win32
		{0A23F8C7-21C4-4EA8-9170-E38F2C3411FA}.Release|x86.Build.0 = Release|Win32
		{65F61D48-EEAE-4955-AEB3-BB04FEF1784E}.Debug|x64.ActiveCfg = Debug|x64
		{65F61D48-EEAE-4955-AEB3-BB04FEF1784E}.Debug|x64.Build.0 = Debug|x64
		{65F61D48-EEAE-4955-AEB3-BB04FEF1784E}.Debug|x86.ActiveCfg = Debug|Win32
		{65F61D48-EEAE-4955-AEB3-BB04FEF1784E}.Debug|x86.Build.0 = Debug|Win32
		{65F61D48-EEAE-4955-AEB3-BB04FEF1784E}.Release|x64.ActiveCfg = Release|x64
		{65F61D48-EEAE-4955-AEB3-BB04FEF1784E}.Release|x64.Build.0 = Release|x64
		{65F61D48-EEAE-4955-AEB3-BB04FEF1784E}.Release|x86.ActiveCfg = Release|Win32
		{65F61D48-EEAE-4955-AEB3-BB04FEF1784E}.Release|x86.Build.0 = Release|Win32
		{B6327A73-5070-4935-851D-548ADEA6A3F8}.Debug|x64.ActiveCfg = Debug|x64
		{B6327A73-5070-4935-851D-548ADEA6A3F8}.Debug|x64.Build.0 = Debug|x64
		{B6327A73-5070-4935-851D-548ADEA6A3F8}.Debug|x86.ActiveCfg = Debug|Win32
		{B6327A73-5070-4935-851D-548ADEA6A3F8}.Debug|x86.Build.0 = Debug|Win32
		{B6327A73-5070-4935-851D-548ADEA6A3F8}.Release|x64.ActiveCfg = Release|x64
		{B6327A73-5070-4935-851D-548ADEA6A3F8}.Release|x64.Build.0 = Release|x64
		{B6327A73-5070-4935-851D-548ADEA6A3F8}.Release|x86.ActiveCfg = Release|Win32
		{B6327A73-5070-4935-851D-548ADEA6A3F8}.Release|x86.Build.0 = Release|Win32
		{C67AE4E9-819A-4B78-894D-7B79C3424882}.Debug|x64.ActiveCfg = Debug|x64
		{C67AE4E9-819A-4B78-894D-7B79C3424882}.Debug|x64.Build.0 = Debug|x64
		{C67AE4E9-819A-4B78-894D-7B79C3424882}.Debug|x86.ActiveCfg = Debug|Win32
		{C67AE4E9-819A-4B78-894D-7B79C3424882}.Debug|x86.Build.0 = Debug|Win32
		{C67AE4E9-819A-4B78-894D-7B79C3424882}.Release|x64.ActiveCfg = Release|x64
		{C67AE4E9-819A-4B78-894D-7B79C3424882}.Release|x64.Build.0 = Release|x64
		{C67AE4E9-819A-4B78-894D-7B79C3424882}.Release|x86.ActiveCfg = Release|Win32
		{C67AE4E9-819A-4B78-894D-7B79C3424882}.Release|x86.Build.0 = Release|Win32
		{EBE0A9F7-A521-4E02-ACF6-EA4ED54DFC27}.Debug|x64.ActiveCfg = Debug|x64
		{EBE0A9F7-A521-4E02-ACF6-EA4ED54DFC27}.Debug|x64.Build.0 = Debug|x64
		{EBE0A9F7-A521-4E02-ACF6-EA4ED54DFC27}.Debug|x86.ActiveCfg = Debug|Win32
		{EBE0A9F7-A521-4E02-ACF6-EA4ED54DFC27}.Debug|x86.Build.0 = Debug|Win32
		{EBE0A9F7-A521-4E02-ACF6-EA4ED54DFC27}.Release|x64.ActiveCfg = Release|x64
		{EBE0A9F7-A521-4E02-ACF6-EA4ED54DFC27}.Release|x64.Build.0 = Release|x64
		{EBE0A9F7-A521-4E02-ACF6-EA4ED54DFC27}.Release|x86.ActiveCfg = Release|Win32
		{EBE0A9F7-A521-4E02-ACF6-EA4ED54DFC27}.Release|x86.Build.0 = Release|Win32
		{7ABB6982-40AC-477D-8E41-1E4CF6146F3B}.Debug|x64.ActiveCfg = Debug|x64
		{7ABB6982-40AC-477D-8E41-1E4CF6146F3B}.Debug|x64.Build.0 = Debug|x64
		{7ABB6982-40AC-477D-8E41-1E4CF6146F3B}.Debug|x86.ActiveCfg = Debug|Win32
		{7ABB6982-40AC-477D-8E41-1E4CF6146F3B}.Debug|x86.Build.0 = Debug|Win32
		{7ABB6982-40AC-477D-8E41-1E4CF6146F3B}.Release|x64.ActiveCfg = Release|x64
		{7ABB6982-40AC-477D-8E41-1E4CF6146F3B}.Release|x64.Build.0 = Release|x64
		{7ABB6982-40AC-477D-8E41-1E4CF6146F3B}.Release|x86.ActiveCfg = Release|Win32
		{7ABB6982-40AC-477D-8E41-1E4CF6146F3B}.Release|x86.Build.0 = Release|Win32
		{BD7EEB57-BDB4-4FF4-996A-560A7E28CC04}.Debug|x64.ActiveCfg = Debug|x64
		{BD7EEB57-BDB4-4FF4-996A-560A7E28CC04}.Debug|x64.Build.0 = Debug|x64
		{BD7EEB57-BDB4-4FF4-996A-560A7E28CC04}.Debug|x86.ActiveCfg = Debug|Win32
		{BD7EEB57-BDB4-4FF4-996A-560A7E28CC04}.Debug|x86.Build.0 = Debug|Win32
		{BD7EEB57-BDB4-4FF4-996A-560A7E28CC04}.Release|x64.ActiveCfg = Release|x64
		{BD7EEB57-BDB4-4FF4-996A-560A7E28CC04}.Release|x64.Build.0 = Release|x64
		{BD7EEB57-BDB4-4FF4-996A-560A7E28CC04}.Release|x86.ActiveCfg = Release|Win32
		{BD7EEB57-BDB4-4FF4-996A-560A7E28CC04}.Release|x86.Build.0 = Release|Win32
		{C2144923-0D80-48D2-83F5-F507189AD3B5}.Debug|x64.ActiveCfg = Debug|x64
		{C2144923-0D80-48D2-83F5-F507189AD3B5}.Debug|x64.Build.0 = Debug|x64
		{C2144923-0D80-48D2-83F5-F507189AD3B5}.Debug|x86.ActiveCfg = Debug|Win32
		{C2144923-0D80-48D2-83F5-F507189AD3B5}.Debug|x86.Build.0 = Debug|Win32
		{C2144923-0D80-48D2-83F5-F507189AD3B5}.Release|x64.ActiveCfg = Release|x64
		{C2144923-0D80-48D2-83F5-F507189AD3B5}.Release|x64.Build.0 = Release|x64
		{C2144923-0D80-48D2-83F5-F507189AD3B5}.Release|x86.ActiveCfg = Release|Win32
		{C2144923-0D80-48D2-83F5-F507189AD3B5}.Release|x86.Build.0 = Release|Win32
		{AD66C129-F515-4E6B-9D03-FB0C2000A4B0}.Debug|x64.ActiveCfg = Debug|x64
		{AD66C129-F515-4E6B-9D03-FB0C2000A4B0}.Debug|x64.Build.0 = Debug|x64
		{AD66C129-F515-4E6B-9D03-FB0C2000A4B0}.Debug|x86.ActiveCfg = Debug|Win32
		{AD66C129-F515-4E6B-9D03-FB0C2000A4B0}.Debug|x86.Build.0 = Debug|Win32
		{AD66C129-F515-4E6B-9D03-FB0C2000A4B0}.Release|x64.ActiveCfg = Release|x64
		{AD66C129-F515-4E6B-9D03-FB0C2000A4B0}.Release|x64.Build.0 = Release|x64
		{AD66C129-F515-4E6B-9D03-FB0C2000A4B0}.Release|x86.ActiveCfg = Release|Win32
		{AD66C129-F515-4E6B-9D03-FB0C2000A4B0}.Release|x86.Build.0 = Release|Win32
		{38A8CD4E-68D7-4868-8619-FB65314DE669}.Debug|x64.ActiveCfg = Debug|x64
		{38A8CD4E-68D7-4868-8619-FB65314DE669}.Debug|x64.Build.0 = Debug|x64
		{38A8CD4E-68D7-4868-8619-FB65314DE669}.Debug|x86.ActiveCfg = Debug|Win32
		{38A8CD4E-68D7-4868-8619-FB65314DE669}.Debug|x86.Build.0 = Debug|Win32
		{38A8CD4E-68D7-4868-8619-FB65314DE669}.Release|x64.ActiveCfg = Release|x64
		{38A8CD4E-68D7-4868-8619-FB65314DE669}.Release|x64.Build.0 = Release|x64
		{38A8CD4E-68D7-4868-8619-FB65314DE669}.Release|x86.ActiveCfg = Release|Win32
		{38A8CD4E-68D7-4868-8619-FB65314DE669}.Release|x86.Build.0 = Release|Win32
		{66BCDA34-0270-459E-8698-9B0791F3606A}.Debug|x64.ActiveCfg = Debug|x64
		{66BCDA34-0270-459E-8698-9B0791F3606A}.Debug|x64.Build.0 = Debug|x64
		{66BCDA34-0270-459E-8698-9B0791F3606A}.Debug|x86.ActiveCfg = Debug|Win32
		{66BCDA34-0270-459E-8698-9B0791F3606A}.Debug|x86.Build.0 = Debug|Win32
		{66BCDA34-0270-459E-8698-9B0791F3606A}.Release|x64.ActiveCfg = Release|x64
		{66BCDA34-0270-459E-8698-9B0791F3606A}.Release|x64.Build.0 = Release|x64
		{66BCDA34-0270-459E-8698-9B0791F3606A}.Release|x86.ActiveCfg = Release|Win32
		{66BCDA34-0270-459E-8698-9B0791F3606A}.Release|x86.Build.0 = Release|Win32
		{4F243A64-9A30-4EDF-A08E-FBDACE973D6A}.Debug|x64.ActiveCfg = Debug|x64
		{4F243A64-9A30-4EDF-A08E-FBDACE973D6A}.Debug|x64.Build.0 = Debug|x64
		{4F243A64-9A30-4EDF-A08E-FBDACE973D6A}.Debug|x86.ActiveCfg = Debug|Win32
		{4F243A64-9A30-4EDF-A08E-FBDACE973D6A}.Debug|x86.Build.0 = Debug|Win32
		{4F243A64-9A30-4EDF-A08E-FBDACE973D6A}.Release|x64.ActiveCfg = Release|x64
		{4F243A64-9A30-4EDF-A08E-FBDACE973D6A}.Release|x64.Build.0 = Release|x64
		{4F243A64-9A30-4EDF-A08E-FBDACE973D6A}.Release|x86.ActiveCfg = Release|Win32
		{4F243A64-9A30-4EDF-A08E-FBDACE973D6A}.Release|x86.Build.0 = Release|Win32
		{40B3EBC1-829B-4540-A27B-E66A91FD6499}.Debug|x64.ActiveCfg = Debug|x64
		{40B3EBC1-829B-4540-A27B-E66A91FD6499}.Debug|x64.Build.0 = Debug|x64
		{40B3EBC1-829B-4540-A27B-E66A91FD6499}.Debug|x86.ActiveCfg = Debug|Win32
		{40B3EBC1-829B-4540-A27B-E66A91FD6499}.Debug|x86.Build.0 = Debug|Win32
		{40B3EBC1-829B-4540-A27B-E66A91FD6499}.Release|x64.ActiveCfg = Release|x64
		{40B3EBC1-829B-4540-A27B-E66A91FD6499}.Release|x64.Build.0 = Release|x64
		{40B3EBC1-829B-4540-A27B-E66A91FD6499}.Release|x86.ActiveCfg = Release|Win32
		{40B3EBC1-829B-4540-A27B-E66A91FD6499}.Release|x86.Build.0 = Release|Win32
		{95852690-7F9C-4283-8D87-960E98AE0117}.Debug|x64.ActiveCfg = Debug|x64
		{95852690-7F9C-4283-8D87-960E98AE0117}.Debug|x64.Build.0 = Debug|x64
		{95852690-7F9C-4283-8D87-960E98AE0117}.Debug|x86.ActiveCfg = Debug|Win32
		{95852690-7F9C-4283-8D87-960E98AE0117}.Debug|x86.Build.0 = Debug|Win32
		{95852690-7F9C-4283-8D87-960E98AE0117}.Release|x64.ActiveCfg = Release|x64
		{95852690-7F9C-4283-8D87-960E98AE0117}.Release|x64.Build.0 = Release|x64
		{95852690-7F9C-4283-8D87-960E98AE0117}.Release|x86.ActiveCfg = Release|Win32
		{95852690-7F9C-4283-8D87-960E98AE0117}.Release|x86.Build.0 = Release|Win32
		{0B419645-032C-4FF1-9773-D8B24A40F1AF}.Debug|x64.ActiveCfg = Debug|x64
		{0B419645-032C-4FF1-9773-D8B24A40F1AF}.Debug|x64.Build.0 = Debug|x64
		{0B419645-032C-4FF1-9773-D8B24A40F1AF}.Debug|x86.ActiveCfg = Debug|Win32
		{0B419645-032C-4FF1-9773-D8B24A40F1AF}.Debug|x86.Build.0 = Debug|Win32
		{0B419645-032C-4FF1-9773-D8B24A40F1AF}.Release|x64.ActiveCfg = Release|x64
		{0B419645-032C-4FF1-9773-D8B24A40F1AF}.Release|x64.Build.0 = Release|x64
		{0B419645-032C-4FF1-9773-D8B24A40F1AF}.Release|x86.ActiveCfg = Release|Win32
		{0B419645-032C-4FF1-9773-D8B24A40F1AF}.Release|x86.Build.0 = Release|Win32
		{DC57CEF2-8897-4812-8D0B-B58E0D08D775}.Debug|x64.ActiveCfg = Debug|x64
		{DC57CEF2-8897-4812-8D0B-B58E0D08D775}.Debug|x64.Build.0 = Debug|x64
		{DC57CEF2-8897-4812-8D0B-B58E0D08D775}.Debug|x86.ActiveCfg = Debug|Win32
		{DC57CEF2-8897-4812-8D0B-B58E0D08D775}.Debug|x86.Build.0 = Debug|Win32
		{DC57CEF2-8897-4812-8D0B-B58E0D08D775}.Release|x64.ActiveCfg = Release|x64
		{DC57CEF2-8897-4812-8D0B-B58E0D08D775}.Release|x64.Build.0 = Release|x64
		{DC57CEF2-8897-4812-8D0B-B58E0D08D775}.Release|x86.ActiveCfg = Release|Win32
		{DC57CEF2-8897-4812-8D0B-B58E0D08D775}.Release|x86.Build.0 = Release|Win32
		{262AB72F-4CEA-4AC7-82F9-EAD9489D6266}.Debug|x64.ActiveCfg = Debug|x64
		{262AB72F-4CEA-4AC7-82F9-EAD9489D6266}.Debug|x64.Build.0 = Debug|x64
		{262AB72F-4CEA-4AC7-82F9-EAD9489D6266}.Debug|x86.ActiveCfg = Debug|Win32
		{262AB72F-4CEA-4AC7-82F9-EAD9489D6266}.Debug|x86.Build.0 = Debug|Win32
		{262AB72F-4CEA-4AC7-82F9-EAD9489D6266}.Release|x64.ActiveCfg = Release|x64
		{262AB72F-4CEA-4AC7-82F9-EAD9489D6266}.Release|x64.Build.0 = Release|x64
		{262AB72F-4CEA-4AC7-82F9-EAD9489D6266}.Release|x86.ActiveCfg = Release|Win32
		{262AB72F-4CEA-4AC7-82F9-EAD9489D6266}.Release|x86.Build.0 = Release|Win32
		{90E982D1-B227-462C-B464-CA918CF41469}.Debug|x64.ActiveCfg = Debug|x64
		{90E982D1-B227-462C-B464-CA918CF41469}.Debug|x64.Build.0 = Debug|x64
		{90E982D1-B227-462C-B464-CA918CF41469}.Debug|x86.ActiveCfg = Debug|Win32
		{90E982D1-B227-462C-B464-CA918CF41469}.Debug|x86.Build.0 = Debug|Win32
		{90E982D1-B227-462C-B464-CA918CF41469}.Release|x64.ActiveCfg = Release|x64
		{90E982D1-B227-462C-B464-CA918CF41469}.Release|x64.Build.0 = Release|x64
		{90E982D1-B227-462C-B464-CA918CF41469}.Release|x86.ActiveCfg = Release|Win32
		{90E982D1-B227-462C-B464-CA918CF41469}.Release|x86.Build.0 = Release|Win32
		{8902BEA4-D878-485A-9719-2CFEC459BEE2}.Debug|x64.ActiveCfg = Debug|x64
		{8902BEA4-D878-485A-9719-2CFEC459BEE2}.Debug|x64.Build.0 = Debug|x64
		{8902BEA4-D878-485A-9719-2CFEC459BEE2}.Debug|x86.ActiveCfg = Debug|Win32
		{8902BEA4-D878-485A-9719-2CFEC459BEE2}.Debug|x86.Build.0 = Debug|Win32
		{8902BEA4-D878-485A-9719-2CFEC459BEE2}.Release|x64.ActiveCfg = Release|x64
		{8902BEA4-D878-485A-9719-2CFEC459BEE2}.Release|x64.Build.0 = Release|x64
		{8902BEA4-D878-485A-9719-2CFEC459BEE2}.Release|x86.ActiveCfg = Release|Win32
		{8902BEA4-D878-485A-9719-2CFEC459BEE2}.Release|x86.Build.0 = Release|Win32
		{754235D6-61D0-4FE4-96EB-24A325D52B0A}.Debug|x64.ActiveCfg = Debug|x64
		{754235D6-61D0-4FE4-96EB-24A325D52B0A}.Debug|x64.Build.0 = Debug|x64
		{754235D6-61D0-4FE4-96EB-24A325D52B0A}.Debug|x86.ActiveCfg = Debug|Win32
		{754235D6-61D0-4FE4-96EB-24A325D52B0A}.Debug|x86.Build.0 = Debug|Win32
		{754235D6-61D0-4FE4-96EB-24A325D52B0A}.Release|x64.ActiveCfg = Release|x64
		{754235D6-61D0-4FE4-96EB-24A325D52B0A}.Release|x64.Build.0 = Release|x64
		{754235D6-61D0-4FE4-96EB-24A325D52B0A}.Release|x86.ActiveCfg = Release|Win32
		{754235D6-61D0-4FE4-96EB-24A325D52B0A}.Release|x86.Build.0 = Release|Win32
		{34681F0D-CE45-415D-B5F2-5C662DFE3BD5}.Debug|x64.ActiveCfg = Debug|x64
		{34681F0D-CE45-415D-B5F2-5C662DFE3BD5}.Debug|x64.Build.0 = Debug|x64
		{34681F0D-CE45-415D-B5F2-5C662DFE3BD5}.Debug|x86.ActiveCfg = Debug|Win32
		{34681F0D-CE45-415D-B5F2-5C662DFE3BD5}.Debug|x86.Build.0 = Debug|Win32
		{34681F0D-CE45-415D-B5F2-5C662DFE3BD5}.Release|x64.ActiveCfg = Release|x64
		{34681F0D-CE45-415D-B5F2-5C662DFE3BD5}.Release|x64.Build.0 = Release|x64
		{34681F0D-CE45-415D-B5F2-5C662DFE3BD5}.Release|x86.ActiveCfg = Release|Win32
		{34681F0D-CE45-415D-B5F2-5C662DFE3BD5}.Release|x86.Build.0 = Release|Win32
		{F0514C72-9A84-4853-816E-DBD3741CF63A}.Debug|x64.ActiveCfg = Debug|x64
		{F0514C72-9A84-4853-816E-DBD3741CF63A}.Debug|x64.Build.0 = Debug|x64
		{F0514C72-9A84-4853-816E-DBD3741CF63A}.Debug|x86.ActiveCfg = Debug|Win32
		{F0514C72-9A84-4853-816E-DBD3741CF63A}.Debug|x86.Build.0 = Debug|Win32
		{F0514C72-9A84-4853-816E-DBD3741CF63A}.Release|x64.ActiveCfg = Release|x64
		{F0514C72-9A84-4853-816E-DBD3741CF63A}.Release|x64.Build.0 = Release|x64
		{F0514C72-9A84-4853-816E-DBD3741CF63A}.Release|x86.ActiveCfg = Release|Win32
		{F0514C72-9A84-4853-816E-DBD3741CF63A}.Release|x86.Build.0 = Release|Win32
		{A36826E3-65CE-4511-BBBF-28A3FC1FF2CC}.Debug|x64.ActiveCfg = Debug|x64
		{A36826E3-65CE-4511-BBBF-28A3FC1FF2CC}.Debug|x64.Build.0 = Debug|x64
		{A36826E3-65CE-4511-BBBF-28A3FC1FF2CC}.Debug|x86.ActiveCfg = Debug|Win32
		{A36826E3-65CE-4511-BBBF-28A3FC1FF2CC}.Debug|x86.Build.0 = Debug|Win32
		{A36826E3-65CE-4511-BBBF-28A3FC1FF2CC}.Release|x64.ActiveCfg = Release|x64
		{A36826E3-65CE-4511-BBBF-28A3FC1FF2CC}.Release|x64.Build.0 = Release|x64
		{A36826E3-65CE-4511-BBBF-28A3FC1FF2CC}.Release|x86.ActiveCfg = Release|Win32
		{A36826E3-65CE-4511-BBBF-28A3FC1FF2CC}.Release|x86.Build.0 = Release|Win32
		{9659E5A3-7298-4262-83E0-A042A15F7468}.Debug|x64.ActiveCfg = Debug|x64
		{9659E5A3-7298-4262-83E0-A042A15F7468}.Debug|x64.Build.0 = Debug|x64
		{9659E5A3-7298-4262-83E0-A042A15F7468}.Debug|x86.ActiveCfg = Debug|Win32
		{9659E5A3-7298-4262-83E0-A042A15F7468}.Debug|x86.Build.0 = Debug|Win32
		{9659E5A3-7298-4262-83E0-A042A15F7468}.Release|x64.ActiveCfg = Release|x64
		{9659E5A3-7298-4262-83E0-A042A15F7468}.Release|x64.Build.0 = Release|x64
		{9659E5A3-7298-4262-83E0-A042A15F7468}.Release|x86.ActiveCfg = Release|Win32
		{9659E5A3-7298-4262-83E0-A042A15F7468}.Release|x86.Build.0 = Release|Win32
		{C92CEB18-B554-4A60-8CC7-6C126678F833}.Debug|x64.ActiveCfg = Debug|x64
		{C92CEB18-B554-4A60-8CC7-6C126678F833}.Debug|x64.Build.0 = Debug|x64
		{C92CEB18-B554-4A60-8CC7-6C126678F833}.Debug|x86.ActiveCfg = Debug|Win32
		{C92CEB18-B554-4A60-8CC7-6C126678F833}.Debug|x86.Build.0 = Debug|Win32
		{C92CEB18-B554-4A60-8CC7-6C126678F833}.Release|x64.ActiveCfg = Release|x64
		{C92CEB18-B554-4A60-8CC7-6C126678F833}.Release|x64.Build.0 = Release|x64
		{C92CEB18-B554-4A60-8CC7-6C126678F833}.Release|x86.ActiveCfg = Release|Win32
		{C92CEB18-B554-4A60-8CC7-6C126678F833}.Release|x86.Build.0 = Release|Win32
		{D73565A3-0C09-43AA-BBDC-E90058C7AB62}.Debug|x64.ActiveCfg = Debug|x64
		{D73565A3-0C09-43AA-BBDC-E90058C7AB62}.Debug|x64.Build.0 = Debug|x64
		{D73565A3-0C09-43AA-BBDC-E90058C7AB62}.Debug|x86.ActiveCfg = Debug|Win32
		{D73565A3-0C09-43AA-BBDC-E90058C7AB62}.Debug|x86.Build.0 = Debug|Win32
		{D73565A3-0C09-43AA-BBDC-E90058C7AB62}.Release|x64.ActiveCfg = Release|x64
		{D73565A3-0C09-43AA-BBDC-E90058C7AB62}.Release|x64.Build.0 = Release|x64
		{D73565A3-0C09-43AA-BBDC-E90058C7AB62}.Release|x86.ActiveCfg = Release|Win32
		{D73565A3-0C09-43AA-BBDC-E90058C7AB62}.Release|x86.Build.0 = Release|Win32
		{914CD6B6-A1DA-4A2B-9A0F-491E77AE85CA}.Debug|x64.ActiveCfg = Debug|x64
		{914CD6B6-A1DA-4A2B-9A0F-491E77AE85CA}.Debug|x64.Build.0 = Debug|x64
		{914CD6B6-A1DA-4A2B-9A0F-491E77AE85CA}.Debug|x86.ActiveCfg = Debug|Win32
		{914CD6B6-A1DA-4A2B-9A0F-491E77AE85CA}.Debug|x86.Build.0 = Debug|Win32
		{914CD6B6-A1DA-4A2B-9A0F-491E77AE85CA}.Release|x64.ActiveCfg = Release|x64
		{914CD6B6-A1DA-4A2B-9A0F-491E77AE85CA}.Release|x64.Build.0 = Release|x64
		{914CD6B6-A1DA-4A2B-9A0F-491E77AE85CA}.Release|x86.ActiveCfg = Release|Win32
		{914CD6B6-A1DA-4A2B-9A0F-491E77AE85CA}.Release|x86.Build.0 = Release|Win32
		{78D4CB92-E8DC-4602-A703-F92ED86C69C2}.Debug|x64.ActiveCfg = Debug|x64
		{78D4CB92-E8DC-4602-A703-F92ED86C69C2}.Debug|x64.Build.0 = Debug|x64
		{78D4CB92-E8DC-4602-A703-F92ED86C69C2}.Debug|x86.ActiveCfg = Debug|Win32
		{78D4CB92-E8DC-4602-A703-F92ED86C69C2}.Debug|x86.Build.0 = Debug|Win32
		{78D4CB92-E8DC-4602-A703-F92ED86C69C2}.Release|x64.ActiveCfg = Release|x64
		{78D4CB92-E8DC-4602-A703-F92ED86C69C2}.Release|x64.Build.0 = Release|x64
		{78D4CB92-E8DC-4602-A703-F92ED86C69C2}.Release|x86.ActiveCfg = Release|Win32
		{78D4CB92-E8DC-4602-A703-F92ED86C69C2}.Release|x86.Build.0 = Release|Win32
		{381E12D8-C930-4354-B67D-CA8049BEA016}.Debug|x64.ActiveCfg = Debug|x64
		{381E12D8-C930-4354-B67D-CA8049BEA016}.Debug|x64.Build.0 = Debug|x64
		{381E12D8-C930-4354-B67D-CA8049BEA016}.Debug|x86.ActiveCfg = Debug|Win32
		{381E12D8-C930-4354-B67D-CA8049BEA016}.Debug|x86.Build.0 = Debug|Win32
		{381E12D8-C930-4354-B67D-CA8049BEA016}.Release|x64.ActiveCfg = Release|x64
		{381E12D8-C930-4354-B67D-CA8049BEA016}.Release|x64.Build.0 = Release|x64
		{381E12D8-C930-4354-B67D-CA8049BEA016}.Release|x86.ActiveCfg = Release|Win32
		{381E12D8-C930-4354-B67D-CA8049BEA016}.Release|x86.Build.0 = Release|Win32
		{3D3CC3C9-5B13-4FA1-AA32-FAB8EFE3A66C}.Debug|x64.ActiveCfg = Debug|x64
		{3D3CC3C9-5B13-4FA1-AA32-FAB8EFE3A66C}.Debug|x64.Build.0 = Debug|x64
		{3D3CC3C9-5B13-4FA1-AA32-FAB8EFE3A66C}.Debug|x86.ActiveCfg = Debug|Win32
		{3D3CC3C9-5B13-4FA1-AA32-FAB8EFE3A66C}.Debug|x86.Build.0 = Debug|Win32
		{3D3CC3C9-5B13-4FA1-AA32-FAB8EFE3A66C}.Release|x64.ActiveCfg = Release|x64
		{3D3CC3C9-5B13-4FA1-AA32-FAB8EFE3A66C}.Release|x64.Build.0 = Release|x64
		{3D3CC3C9-5B13-4FA1-AA32-FAB8EFE3A66C}.Release|x86.ActiveCfg = Release|Win32
		{3D3CC3C9-5B13-4FA1-AA32-FAB8EFE3A66C}.Release|x86.Build.0 = Release|Win32
		{01DEAEC8-F2CF-4508-8250-ABF471928FE5}.Debug|x64.ActiveCfg = Debug|x64
		{01DEAEC8-F2CF-4508-8250-ABF471928FE5}.Debug|x64.Build.0 = Debug|x64
		{01DEAEC8-F2CF-4508-8250-ABF471928FE5}.Debug|x86.ActiveCfg = Debug|Win32
		{01DEAEC8-F2CF-4508-8250-ABF471928FE5}.Debug|x86.Build.0 = Debug|Win32
		{01DEAEC8-F2CF-4508-8250-ABF471928FE5}.Release|x64.ActiveCfg = Release|x64
		{01DEAEC8-F2CF-4508-8250-ABF471928FE5}.Release|x64.Build.0 = Release|x64
		{01DEAEC8-F2CF-4508-8250-ABF471928FE5}.Release|x86.ActiveCfg = Release|Win32
		{01DEAEC8-F2CF-4508-8250-ABF471928FE5}.Release|x86.Build.0 = Release|Win32
		{8F1C4732-7AE6-456F-82F6-12A73A08C09B}.Debug|x64.ActiveCfg = Debug|x64
		{8F1C4732-7AE6-456F-82F6-12A73A08C09B}.Debug|x64.Build.0 = Debug|x64
		{8F1C4732-7AE6-456F-82F6-12A73A08C09B}.Debug|x86.ActiveCfg = Debug|Win32
		{8F1C4732-7AE6-456F-82F6-12A73A08C09B}.Debug|x86.Build.0 = Debug|Win32
		{8F1C4732-7AE6-456F-82F6-12A73A08C09B}.Release|x64.ActiveCfg = Release|x64
		{8F1C4732-7AE6-456F-82F6-12A73A08C09B}.Release|x64.Build.0 = Release|x64
		{8F1C4732-7AE6-456F-82F6-12A73A08C09B}.Release|x86.ActiveCfg = Release|Win32
		{8F1C4732-7AE6-456F-82F6-12A73A08C09B}.Release|x86.Build.0 = Release|Win32
		{999EA59B-3F67-411D-A327-ECBA05112305}.Debug|x64.ActiveCfg = Debug|x64
		{999EA59B-3F67-411D-A327-ECBA05112305}.Debug|x64.Build.0 = Debug|x64
		{999EA59B-3F67-411D-A327-ECBA05112305}.Debug|x86.ActiveCfg = Debug|Win32
		{999EA59B-3F67-411D-A327-ECBA05112305}.Debug|x86.Build.0 = Debug|Win32
		{999EA59B-3F67-411D-A327-ECBA05112305}.Release|x64.ActiveCfg = Release|x64
		{999EA59B-3F67-411D-A327-ECBA05112305}.Release|x64.Build.0 = Release|x64
		{999EA59B-3F67-411D-A327-ECBA05112305}.Release|x86.ActiveCfg = Release|Win32
		{999EA59B-3F67-411D-A327-ECBA05112305}.Release|x86.Build.0 = Release|Win32
		{DF372AA9-B877-4C5C-A6B7-99E17856C9C9}.Debug|x64.ActiveCfg = Debug|x64
		{DF372AA9-B877-4C5C-A6B7-99E17856C9C9}.Debug|x64.Build.0 = Debug|x64
		{DF372AA9-B877-4C5C-A6B7-99E17856C9C9}.Debug|x86.ActiveCfg = Debug|Win32
		{DF372AA9-B877-4C5C-A6B7-99E17856C9C9}.Debug|x86.Build.0 = Debug|Win32
		{DF372AA9-B877-4C5C-A6B7-99E17856C9C9}.Release|x64.ActiveCfg = Release|x64
		{DF372AA9-B877-4C5C-A6B7-99E17856C9C9}.Release|x64.Build.0 = Release|x64
		{DF372AA9-B877-4C5C-A6B7-99E17856C9C9}.Release|x86.ActiveCfg = Release|Win32
		{DF372AA9-B877-4C5C-A6B7-99E17856C9C9}.Release|x86.Build.0 = Release|Win32
		{B9E66C63-D4AA-4BFD-BE67-C2338F221661}.Debug|x64.ActiveCfg = Debug|x64
		{B9E66C63-D4AA-4BFD-BE67-C2338F221661}.Debug|x64.Build.0 = Debug|x64
		{B9E66C63-D4AA-4BFD-BE67-C2338F221661}.Debug|x86.ActiveCfg = Debug|Win32
		{B9E66C63-D4AA-4BFD-BE67-C2338F221661}.Debug|x86.Build.0 = Debug|Win32
		{B9E66C63-D4AA-4BFD-BE67-C2338F221661}.Release|x64.ActiveCfg = Release|x64
		{B9E66C63-D4AA-4BFD-BE67-C2338F221661}.Release|x64.Build.0 = Release|x64
		{B9E66C63-D4AA-4BFD-BE67-C2338F221661}.Release|x86.ActiveCfg = Release|Win32
		{B9E66C63-D4AA-4BFD-BE67-C2338F221661}.Release|x86.Build.0 = Release|Win32
		{1888E3E8-A698-4AD9-BBDB-2872F7808E47}.Debug|x64.ActiveCfg = Debug|x64
		{1888E3E8-A698-4AD9-BBDB-2872F7808E47}.Debug|x64.Build.0 = Debug|x64
		{1888E3E8-A698-4AD9-BBDB-2872F7808E47}.Debug|x86.ActiveCfg = Debug|Win32
		{1888E3E8-A698-4AD9-BBDB-2872F7808E47}.Debug|x86.Build.0 = Debug|Win32
		{1888E3E8-A698-4AD9-BBDB-2872F7808E47}.Release|x64.ActiveCfg = Release|x64
		{1888E3E8-A698-4AD9-BBDB-2872F7808E47}.Release|x64.Build.0 = Release|x64
		{1888E3E8-A698-4AD9-BBDB-2872F7808E47}.Release|x86.ActiveCfg = Release|Win32
		{1888E3E8-A698-4AD9-BBDB-2872F7808E47}.Release|x86.Build.0 = Release|Win32
		{EE19F927-716F-4FC6-94B6-5678545EE231}.Debug|x64.ActiveCfg = Debug|x64
		{EE19F927-716F-4FC6-94B6-5678545EE231}.Debug|x64.Build.0 = Debug|x64
		{EE19F927-716F-4FC6-94B6-5678545EE231}.Debug|x86.ActiveCfg = Debug|Win32
		{EE19F927-716F-4FC6-94B6-5678545EE231}.Debug|x86.Build.0 = Debug|Win32
		{EE19F927-716F-4FC6-94B6-5678545EE231}.Release|x64.ActiveCfg = Release|x64
		{EE19F927-716F-4FC6-94B6-5678545EE231}.Release|x64.Build.0 = Release|x64
		{EE19F927-716F-4FC6-94B6-5678545EE231}.Release|x86.ActiveCfg = Release|Win32
		{EE19F927-716F-4FC6-94B6-5678545EE231}.Release|x86.Build.0 = Release|Win32
		{7DA1297E-69B7-4D19-ADD5-212FCAE74BE9}.Debug|x64.ActiveCfg = Debug|x64
		{7DA1297E-69B7-4D19-ADD5-212FCAE74BE9}.Debug|x64.Build.0 = Debug|x64
		{7DA1297E-69B7-4D19-ADD5-212FCAE74BE9}.Debug|x86.ActiveCfg = Debug|Win32
		{7DA1297E-69B7-4D19-ADD5-212FCAE74BE9}.Debug|x86.Build.0 = Debug|Win32
		{7DA1297E-69B7-4D19-ADD5-212FCAE74BE9}.Release|x64.ActiveCfg = Release|x64
		{7DA1297E-69B7-4D19-ADD5-212FCAE74BE9}.Release|x64.Build.0 = Release|x64
		{7DA1297E-69B7-4D19-ADD5-212FCAE74BE9}.Release|x86.ActiveCfg = Release|Win32
		{7DA1297E-69B7-4D19-ADD5-212FCAE74BE9}.Release|x86.Build.0 = Release|Win32
		{7B65F4FF-8C7B-4D10-AF58-D91E3C7A19E6}.Debug|x64.ActiveCfg = Debug|x64
		{7B65F4FF-8C7B-4D10-AF58-D91E3C7A19E6}.Debug|x64.Build.0 = Debug|x64
		{7B65F4FF-8C7B-4D10-AF58-D91E3C7A19E6}.Debug|x86.ActiveCfg = Debug|Win32
		{7B65F4FF-8C7B-4D10-AF58-D91E3C7A19E6}.Debug|x86.Build.0 = Debug|Win32
		{7B65F4FF-8C7B-4D10-AF58-D91E3C7A19E6}.Release|x64.ActiveCfg = Release|x64
		{7B65F4FF-8C7B-4D10-AF58-D91E3C7A19E6}.Release|x64.Build.0 = Release|x64
		{7B65F4FF-8C7B-4D10-AF58-D91E3C7A19E6}.Release|x86.ActiveCfg = Release|Win32
		{7B65F4FF-8C7B-4D10-AF58-D91E3C7A19E6}.Release|x86.Build.0 = Release|Win32
		{C08A539B-080D-4F96-8806-A9D4A3DD96FA}.Debug|x64.ActiveCfg = Debug|x64
		{C08A539B-080D-4F96-8806-A9D4A3DD96FA}.Debug|x64.Build.0 = Debug|x64
		{C08A539B-080D-4F96-8806-A9D4A3DD96FA}.Debug|x86.ActiveCfg = Debug|Win32
		{C08A539B-080D-4F96-8806-A9D4A3DD96FA}.Debug|x86.Build.0 = Debug|Win32
		{C08A539B-080D-4F96-8806-A9D4A3DD96FA}.Release|x64.ActiveCfg = Release|x64
		{C08A539B-080D-4F96-8806-A9D4A3DD96FA}.Release|x64.Build.0 = Release|x64
		{C08A539B-080D-4F96-8806-A9D4A3DD96FA}.Release|x86.ActiveCfg = Release|Win32
		{C08A539B-080D-4F96-8806-A9D4A3DD96FA}.Release|x86.Build.0 = Release|Win32
	EndGlobalSection
	GlobalSection(SolutionProperties) = preSolution
		HideSolutionNode = FALSE
	EndGlobalSection
	GlobalSection(NestedProjects) = preSolution
		{A8432888-236F-486D-BC7A-DCA908046DD8} = {B48F5E89-F4C0-4762-AE71-D3B7A76D7FB7}
		{804B0954-09C5-4003-B43C-9AE7B1813206} = {EFE55F5A-1F82-4B25-90AF-6FBCBD6F1ADB}
		{12F79C36-A3FB-4328-8673-366F7DCDDBCF} = {84FEEB11-375D-4266-A83E-CFAB983AF1D7}
		{C5948D2C-C53D-4933-9AC5-48066AD6A560} = {84FEEB11-375D-4266-A83E-CFAB983AF1D7}
		{4DF851CE-2912-4BF3-9F29-0EA2C2FFCBB4} = {B48F5E89-F4C0-4762-AE71-D3B7A76D7FB7}
		{77205FE3-9D32-4D2A-A010-23BF88EF893B} = {B48F5E89-F4C0-4762-AE71-D3B7A76D7FB7}
		{A320B17E-030F-40DA-B954-F866D0095640} = {79310B70-74A8-4DCD-ACCD-C55317EDB299}
		{FE9CA570-BF80-434D-B62F-9B2D37375A5C} = {79310B70-74A8-4DCD-ACCD-C55317EDB299}
		{CFBDD50B-DAD5-4B8B-8F6E-B961EF159F66} = {79310B70-74A8-4DCD-ACCD-C55317EDB299}
		{973C7189-DA1E-4533-A38A-8BD07D077337} = {79310B70-74A8-4DCD-ACCD-C55317EDB299}
		{7D1F3204-7AF0-4B5C-9623-5EC681033952} = {79310B70-74A8-4DCD-ACCD-C55317EDB299}
		{86D4255D-A6CD-481C-98EA-E636358FE6B4} = {79310B70-74A8-4DCD-ACCD-C55317EDB299}
		{4E6E9527-7F15-4E97-8217-FB936B7B6D91} = {79310B70-74A8-4DCD-ACCD-C55317EDB299}
		{937B7679-FA08-40A3-9318-2F7D09B9F8DD} = {0299AAB6-77D1-41CB-AB8C-65A12BD6B4C4}
		{5530889B-9824-4E86-80D3-66895E43640F} = {0299AAB6-77D1-41CB-AB8C-65A12BD6B4C4}
		{90214B52-E70B-43CC-B2D5-ABAAE17037D3} = {0299AAB6-77D1-41CB-AB8C-65A12BD6B4C4}
		{C85D2600-4249-4381-B683-65253D948AAB} = {0299AAB6-77D1-41CB-AB8C-65A12BD6B4C4}
		{AF287FCB-522A-477E-A77B-623086EBB5FD} = {0299AAB6-77D1-41CB-AB8C-65A12BD6B4C4}
		{56C01253-E60E-4C3F-99CD-03101F34FB82} = {79310B70-74A8-4DCD-ACCD-C55317EDB299}
		{A09C6590-5F54-4ADB-88D8-48ED2EFCAD70} = {B0194F82-DA3E-44F5-B9A4-54A74B1B2F58}
		{242CC5D3-0670-4E05-8D7C-A6E236D5C539} = {79310B70-74A8-4DCD-ACCD-C55317EDB299}
		{2CD5C265-0F82-4051-BA3E-530F6723BDAE} = {B48F5E89-F4C0-4762-AE71-D3B7A76D7FB7}
		{19BE7817-F5F5-4C33-9720-42C9922042D8} = {B48F5E89-F4C0-4762-AE71-D3B7A76D7FB7}
		{CE462745-2A16-48C7-B676-D97BC29D7B63} = {79310B70-74A8-4DCD-ACCD-C55317EDB299}
		{DD23E487-8022-4F56-BE8D-C41DF0055662} = {B0194F82-DA3E-44F5-B9A4-54A74B1B2F58}
		{93D3A0B6-0DDE-4AB9-84EB-55567705B6B9} = {B0194F82-DA3E-44F5-B9A4-54A74B1B2F58}
		{65EED930-291C-449C-8868-66F290C4F9C7} = {B48F5E89-F4C0-4762-AE71-D3B7A76D7FB7}
		{99BE7CB5-EE4F-47A8-9781-8C2430825605} = {79310B70-74A8-4DCD-ACCD-C55317EDB299}
		{A2DA4993-9FDA-4C56-97F2-C8F540F514CD} = {B0194F82-DA3E-44F5-B9A4-54A74B1B2F58}
		{4958C3CF-403A-4ED5-9B16-89A8321FEB60} = {B48F5E89-F4C0-4762-AE71-D3B7A76D7FB7}
		{0B9DD9E3-0E62-48C5-B5EE-722F0D7B32D5} = {EFE55F5A-1F82-4B25-90AF-6FBCBD6F1ADB}
		{DA5ED9BB-0997-4BAE-975E-5E317783B39E} = {EFE55F5A-1F82-4B25-90AF-6FBCBD6F1ADB}
		{A895C2DA-687C-4352-96DB-AC7B22D2EE4C} = {79310B70-74A8-4DCD-ACCD-C55317EDB299}
		{F016CE8F-DFC8-4E74-9CBD-A981DB450548} = {79310B70-74A8-4DCD-ACCD-C55317EDB299}
		{2E0A0D72-C18B-4EDF-BD2C-CA2451D8646A} = {79310B70-74A8-4DCD-ACCD-C55317EDB299}
		{154DF69C-15AD-4640-A508-F5136DC15D23} = {79310B70-74A8-4DCD-ACCD-C55317EDB299}
		{963897A3-D34E-45C8-8995-B071D76CB85F} = {87BE85D2-8407-4DDA-9BAA-A0A35D6AE2FA}
		{27564239-0AE9-47F2-B327-7125A3704090} = {B48F5E89-F4C0-4762-AE71-D3B7A76D7FB7}
		{861A8D23-318B-49A4-9570-2A778AC07CDA} = {B48F5E89-F4C0-4762-AE71-D3B7A76D7FB7}
		{8D913857-143F-4AED-A378-770A135998F7} = {B48F5E89-F4C0-4762-AE71-D3B7A76D7FB7}
		{34B1CC36-585E-4C6B-88A4-ECC2598CBA2C} = {87BE85D2-8407-4DDA-9BAA-A0A35D6AE2FA}
		{C8F6C172-56F2-4E76-B5FA-C3B423B31BE7} = {EFE55F5A-1F82-4B25-90AF-6FBCBD6F1ADB}
		{C18332A3-8750-4ACF-8B71-41357F79AA12} = {EFE55F5A-1F82-4B25-90AF-6FBCBD6F1ADB}
		{F2B4F3EB-24DB-458A-9015-6BC85139EFC9} = {B0194F82-DA3E-44F5-B9A4-54A74B1B2F58}
		{CAECECCE-E682-4368-9331-5C42859A45DF} = {B48F5E89-F4C0-4762-AE71-D3B7A76D7FB7}
		{BBE6A98D-073C-46AA-80EF-92DE43D9FE05} = {79310B70-74A8-4DCD-ACCD-C55317EDB299}
		{1153B9BE-8D14-4EDC-A99E-099E732C3170} = {79310B70-74A8-4DCD-ACCD-C55317EDB299}
		{3A38DACD-F596-446F-BCFB-5E967DFD1D96} = {B0194F82-DA3E-44F5-B9A4-54A74B1B2F58}
		{51FFD5AC-07F9-4EEB-9217-7951D76D6A7B} = {B0194F82-DA3E-44F5-B9A4-54A74B1B2F58}
		{0A23F8C7-21C4-4EA8-9170-E38F2C3411FA} = {79310B70-74A8-4DCD-ACCD-C55317EDB299}
		{65F61D48-EEAE-4955-AEB3-BB04FEF1784E} = {0299AAB6-77D1-41CB-AB8C-65A12BD6B4C4}
		{B6327A73-5070-4935-851D-548ADEA6A3F8} = {0299AAB6-77D1-41CB-AB8C-65A12BD6B4C4}
		{C67AE4E9-819A-4B78-894D-7B79C3424882} = {0299AAB6-77D1-41CB-AB8C-65A12BD6B4C4}
		{EBE0A9F7-A521-4E02-ACF6-EA4ED54DFC27} = {B48F5E89-F4C0-4762-AE71-D3B7A76D7FB7}
		{7ABB6982-40AC-477D-8E41-1E4CF6146F3B} = {79310B70-74A8-4DCD-ACCD-C55317EDB299}
		{BD7EEB57-BDB4-4FF4-996A-560A7E28CC04} = {79310B70-74A8-4DCD-ACCD-C55317EDB299}
		{C2144923-0D80-48D2-83F5-F507189AD3B5} = {B0194F82-DA3E-44F5-B9A4-54A74B1B2F58}
		{AD66C129-F515-4E6B-9D03-FB0C2000A4B0} = {B0194F82-DA3E-44F5-B9A4-54A74B1B2F58}
		{38A8CD4E-68D7-4868-8619-FB65314DE669} = {79310B70-74A8-4DCD-ACCD-C55317EDB299}
		{66BCDA34-0270-459E-8698-9B0791F3606A} = {0299AAB6-77D1-41CB-AB8C-65A12BD6B4C4}
		{4F243A64-9A30-4EDF-A08E-FBDACE973D6A} = {0299AAB6-77D1-41CB-AB8C-65A12BD6B4C4}
		{40B3EBC1-829B-4540-A27B-E66A91FD6499} = {79310B70-74A8-4DCD-ACCD-C55317EDB299}
		{95852690-7F9C-4283-8D87-960E98AE0117} = {87BE85D2-8407-4DDA-9BAA-A0A35D6AE2FA}
		{0B419645-032C-4FF1-9773-D8B24A40F1AF} = {79310B70-74A8-4DCD-ACCD-C55317EDB299}
		{DC57CEF2-8897-4812-8D0B-B58E0D08D775} = {87BE85D2-8407-4DDA-9BAA-A0A35D6AE2FA}
		{262AB72F-4CEA-4AC7-82F9-EAD9489D6266} = {B48F5E89-F4C0-4762-AE71-D3B7A76D7FB7}
		{90E982D1-B227-462C-B464-CA918CF41469} = {0299AAB6-77D1-41CB-AB8C-65A12BD6B4C4}
		{8902BEA4-D878-485A-9719-2CFEC459BEE2} = {B0194F82-DA3E-44F5-B9A4-54A74B1B2F58}
		{754235D6-61D0-4FE4-96EB-24A325D52B0A} = {EFE55F5A-1F82-4B25-90AF-6FBCBD6F1ADB}
		{34681F0D-CE45-415D-B5F2-5C662DFE3BD5} = {EFE55F5A-1F82-4B25-90AF-6FBCBD6F1ADB}
		{F0514C72-9A84-4853-816E-DBD3741CF63A} = {0299AAB6-77D1-41CB-AB8C-65A12BD6B4C4}
		{A36826E3-65CE-4511-BBBF-28A3FC1FF2CC} = {79310B70-74A8-4DCD-ACCD-C55317EDB299}
		{9659E5A3-7298-4262-83E0-A042A15F7468} = {79310B70-74A8-4DCD-ACCD-C55317EDB299}
		{C92CEB18-B554-4A60-8CC7-6C126678F833} = {79310B70-74A8-4DCD-ACCD-C55317EDB299}
		{D73565A3-0C09-43AA-BBDC-E90058C7AB62} = {87BE85D2-8407-4DDA-9BAA-A0A35D6AE2FA}
		{914CD6B6-A1DA-4A2B-9A0F-491E77AE85CA} = {ECA584CB-DF6E-4C09-A6A3-208F63AD6CA2}
		{78D4CB92-E8DC-4602-A703-F92ED86C69C2} = {ECA584CB-DF6E-4C09-A6A3-208F63AD6CA2}
		{381E12D8-C930-4354-B67D-CA8049BEA016} = {ECA584CB-DF6E-4C09-A6A3-208F63AD6CA2}
		{3D3CC3C9-5B13-4FA1-AA32-FAB8EFE3A66C} = {0F182E96-391D-492D-988E-EFD09EEEBD2A}
		{01DEAEC8-F2CF-4508-8250-ABF471928FE5} = {0F182E96-391D-492D-988E-EFD09EEEBD2A}
		{8F1C4732-7AE6-456F-82F6-12A73A08C09B} = {EFE55F5A-1F82-4B25-90AF-6FBCBD6F1ADB}
		{999EA59B-3F67-411D-A327-ECBA05112305} = {84FEEB11-375D-4266-A83E-CFAB983AF1D7}
		{DF372AA9-B877-4C5C-A6B7-99E17856C9C9} = {959B40F2-5E21-47F1-A8DC-B7A821027D27}
		{B9E66C63-D4AA-4BFD-BE67-C2338F221661} = {79310B70-74A8-4DCD-ACCD-C55317EDB299}
		{1888E3E8-A698-4AD9-BBDB-2872F7808E47} = {79310B70-74A8-4DCD-ACCD-C55317EDB299}
		{EE19F927-716F-4FC6-94B6-5678545EE231} = {79310B70-74A8-4DCD-ACCD-C55317EDB299}
		{7DA1297E-69B7-4D19-ADD5-212FCAE74BE9} = {0299AAB6-77D1-41CB-AB8C-65A12BD6B4C4}
		{7B65F4FF-8C7B-4D10-AF58-D91E3C7A19E6} = {0299AAB6-77D1-41CB-AB8C-65A12BD6B4C4}
		{C08A539B-080D-4F96-8806-A9D4A3DD96FA} = {0299AAB6-77D1-41CB-AB8C-65A12BD6B4C4}
	EndGlobalSection
	GlobalSection(ExtensibilityGlobals) = postSolution
		SolutionGuid = {E4BF472B-CDCC-467C-A365-88A6A5ADF847}
	EndGlobalSection
EndGlobal
